// !$*UTF8*$!
{
	archiveVersion = 1;
	classes = {
	};
	objectVersion = 48;
	objects = {

/* Begin PBXBuildFile section */
		29ADDAA42201A3850013F5E6 /* roskachestvo_iosTests.swift in Sources */ = {isa = PBXBuildFile; fileRef = 29ADDAA32201A3850013F5E6 /* roskachestvo_iosTests.swift */; };
		B18B304303996D981C08D138 /* AppDelegate.swift in Sources */ = {isa = PBXBuildFile; fileRef = B18B3CB3176704F66A9B9855 /* AppDelegate.swift */; };
		B18B3076BD83EBC68A980DDE /* ProximaNovaBold.otf in Resources */ = {isa = PBXBuildFile; fileRef = B18B334BD74DF4BE40E965E6 /* ProximaNovaBold.otf */; };
		B18B307AADECA60BC275E53E /* LaunchScreen.storyboard in Resources */ = {isa = PBXBuildFile; fileRef = B18B3AA17DE0A14F0D3BA928 /* LaunchScreen.storyboard */; };
		B18B327B12BE658B14A42CF4 /* Main.storyboard in Resources */ = {isa = PBXBuildFile; fileRef = B18B3EAF2059516C6D4FDD20 /* Main.storyboard */; };
		B18B332161B33D8B4C17CA9E /* Assets.xcassets in Resources */ = {isa = PBXBuildFile; fileRef = B18B3349F8E3BC1D10EDA206 /* Assets.xcassets */; };
		B18B34FE66DB02160836D9E9 /* TabBarCentralContentView.swift in Sources */ = {isa = PBXBuildFile; fileRef = B18B3D79F3F45047B3212E8E /* TabBarCentralContentView.swift */; };
		B18B37DB720F3D7FC54FAEC3 /* UIFont+Custom.swift in Sources */ = {isa = PBXBuildFile; fileRef = B18B3CEF49597B85B25402F0 /* UIFont+Custom.swift */; };
		B18B389CED0765AC4CB82A2E /* UIColor+TextColor.swift in Sources */ = {isa = PBXBuildFile; fileRef = B18B33EC6B32EA505CBFB43D /* UIColor+TextColor.swift */; };
		B18B38AAB7F06511C77121BF /* ViewController.swift in Sources */ = {isa = PBXBuildFile; fileRef = B18B31BFE35DB9A365ED9DA1 /* ViewController.swift */; };
		B18B3E33E83A802720D0A1E9 /* TabBarBasicContentView.swift in Sources */ = {isa = PBXBuildFile; fileRef = B18B3D754E1CFF47F5E53AC6 /* TabBarBasicContentView.swift */; };
		B18B3F3D7142C03938A9ADB9 /* AppRouter.swift in Sources */ = {isa = PBXBuildFile; fileRef = B18B3115CCC49D47A9A39F14 /* AppRouter.swift */; };
		B18B3F3DE5DAEC0E5BB18FC1 /* UIColor+ApplicationPalette.swift in Sources */ = {isa = PBXBuildFile; fileRef = B18B3072F541D6FEFD4ED429 /* UIColor+ApplicationPalette.swift */; };
		B4BECCC574B2D1D0AC4A593B /* Pods_roskachestvo_iosTests.framework in Frameworks */ = {isa = PBXBuildFile; fileRef = F9DEF8405CF471BF6D746750 /* Pods_roskachestvo_iosTests.framework */; };
		F8D389909685059C6374CA46 /* Pods_roskachestvo_ios.framework in Frameworks */ = {isa = PBXBuildFile; fileRef = 959B803F68DB8D2CCFCB03E9 /* Pods_roskachestvo_ios.framework */; };
/* End PBXBuildFile section */

/* Begin PBXContainerItemProxy section */
		29ADDAA02201A3850013F5E6 /* PBXContainerItemProxy */ = {
			isa = PBXContainerItemProxy;
			containerPortal = 29ADDA832201A3830013F5E6 /* Project object */;
			proxyType = 1;
			remoteGlobalIDString = 29ADDA8A2201A3830013F5E6;
			remoteInfo = "roskachestvo-ios";
		};
/* End PBXContainerItemProxy section */

/* Begin PBXFileReference section */
		0B13DE74A005F69D7C761B26 /* Pods-roskachestvo-ios.debug.xcconfig */ = {isa = PBXFileReference; includeInIndex = 1; lastKnownFileType = text.xcconfig; name = "Pods-roskachestvo-ios.debug.xcconfig"; path = "Pods/Target Support Files/Pods-roskachestvo-ios/Pods-roskachestvo-ios.debug.xcconfig"; sourceTree = "<group>"; };
		29ADDA8B2201A3830013F5E6 /* roskachestvo-ios.app */ = {isa = PBXFileReference; explicitFileType = wrapper.application; includeInIndex = 0; path = "roskachestvo-ios.app"; sourceTree = BUILT_PRODUCTS_DIR; };
		29ADDA9F2201A3850013F5E6 /* roskachestvo-iosTests.xctest */ = {isa = PBXFileReference; explicitFileType = wrapper.cfbundle; includeInIndex = 0; path = "roskachestvo-iosTests.xctest"; sourceTree = BUILT_PRODUCTS_DIR; };
		29ADDAA32201A3850013F5E6 /* roskachestvo_iosTests.swift */ = {isa = PBXFileReference; lastKnownFileType = sourcecode.swift; path = roskachestvo_iosTests.swift; sourceTree = "<group>"; };
		29ADDAA52201A3850013F5E6 /* Info.plist */ = {isa = PBXFileReference; lastKnownFileType = text.plist.xml; path = Info.plist; sourceTree = "<group>"; };
		959B803F68DB8D2CCFCB03E9 /* Pods_roskachestvo_ios.framework */ = {isa = PBXFileReference; explicitFileType = wrapper.framework; includeInIndex = 0; path = Pods_roskachestvo_ios.framework; sourceTree = BUILT_PRODUCTS_DIR; };
		ABF4BAC2715046A73DA1724A /* Pods-roskachestvo-ios.release.xcconfig */ = {isa = PBXFileReference; includeInIndex = 1; lastKnownFileType = text.xcconfig; name = "Pods-roskachestvo-ios.release.xcconfig"; path = "Pods/Target Support Files/Pods-roskachestvo-ios/Pods-roskachestvo-ios.release.xcconfig"; sourceTree = "<group>"; };
		B18B3072F541D6FEFD4ED429 /* UIColor+ApplicationPalette.swift */ = {isa = PBXFileReference; fileEncoding = 4; lastKnownFileType = sourcecode.swift; path = "UIColor+ApplicationPalette.swift"; sourceTree = "<group>"; };
		B18B3115CCC49D47A9A39F14 /* AppRouter.swift */ = {isa = PBXFileReference; fileEncoding = 4; lastKnownFileType = sourcecode.swift; path = AppRouter.swift; sourceTree = "<group>"; };
		B18B31BFE35DB9A365ED9DA1 /* ViewController.swift */ = {isa = PBXFileReference; fileEncoding = 4; lastKnownFileType = sourcecode.swift; path = ViewController.swift; sourceTree = "<group>"; };
		B18B3349F8E3BC1D10EDA206 /* Assets.xcassets */ = {isa = PBXFileReference; lastKnownFileType = folder.assetcatalog; path = Assets.xcassets; sourceTree = "<group>"; };
		B18B334BD74DF4BE40E965E6 /* ProximaNovaBold.otf */ = {isa = PBXFileReference; lastKnownFileType = file.otf; path = ProximaNovaBold.otf; sourceTree = "<group>"; };
		B18B33EC6B32EA505CBFB43D /* UIColor+TextColor.swift */ = {isa = PBXFileReference; fileEncoding = 4; lastKnownFileType = sourcecode.swift; path = "UIColor+TextColor.swift"; sourceTree = "<group>"; };
		B18B3AA17DE0A14F0D3BA928 /* LaunchScreen.storyboard */ = {isa = PBXFileReference; lastKnownFileType = file.storyboard; path = LaunchScreen.storyboard; sourceTree = "<group>"; };
		B18B3B0EAF1998B339C6587C /* Info.plist */ = {isa = PBXFileReference; fileEncoding = 4; lastKnownFileType = text.plist.info; path = Info.plist; sourceTree = "<group>"; };
		B18B3CB3176704F66A9B9855 /* AppDelegate.swift */ = {isa = PBXFileReference; fileEncoding = 4; lastKnownFileType = sourcecode.swift; path = AppDelegate.swift; sourceTree = "<group>"; };
		B18B3CEF49597B85B25402F0 /* UIFont+Custom.swift */ = {isa = PBXFileReference; fileEncoding = 4; lastKnownFileType = sourcecode.swift; path = "UIFont+Custom.swift"; sourceTree = "<group>"; };
		B18B3D754E1CFF47F5E53AC6 /* TabBarBasicContentView.swift */ = {isa = PBXFileReference; fileEncoding = 4; lastKnownFileType = sourcecode.swift; path = TabBarBasicContentView.swift; sourceTree = "<group>"; };
		B18B3D79F3F45047B3212E8E /* TabBarCentralContentView.swift */ = {isa = PBXFileReference; fileEncoding = 4; lastKnownFileType = sourcecode.swift; path = TabBarCentralContentView.swift; sourceTree = "<group>"; };
		B18B3EAF2059516C6D4FDD20 /* Main.storyboard */ = {isa = PBXFileReference; lastKnownFileType = file.storyboard; path = Main.storyboard; sourceTree = "<group>"; };
		B4B9C46480AFE7B4580D99E9 /* Pods-roskachestvo-iosTests.release.xcconfig */ = {isa = PBXFileReference; includeInIndex = 1; lastKnownFileType = text.xcconfig; name = "Pods-roskachestvo-iosTests.release.xcconfig"; path = "Pods/Target Support Files/Pods-roskachestvo-iosTests/Pods-roskachestvo-iosTests.release.xcconfig"; sourceTree = "<group>"; };
		BB3E44FBDF588E2839B1993A /* Pods-roskachestvo-iosTests.debug.xcconfig */ = {isa = PBXFileReference; includeInIndex = 1; lastKnownFileType = text.xcconfig; name = "Pods-roskachestvo-iosTests.debug.xcconfig"; path = "Pods/Target Support Files/Pods-roskachestvo-iosTests/Pods-roskachestvo-iosTests.debug.xcconfig"; sourceTree = "<group>"; };
		F9DEF8405CF471BF6D746750 /* Pods_roskachestvo_iosTests.framework */ = {isa = PBXFileReference; explicitFileType = wrapper.framework; includeInIndex = 0; path = Pods_roskachestvo_iosTests.framework; sourceTree = BUILT_PRODUCTS_DIR; };
/* End PBXFileReference section */

/* Begin PBXFrameworksBuildPhase section */
		29ADDA882201A3830013F5E6 /* Frameworks */ = {
			isa = PBXFrameworksBuildPhase;
			buildActionMask = 2147483647;
			files = (
				F8D389909685059C6374CA46 /* Pods_roskachestvo_ios.framework in Frameworks */,
			);
			runOnlyForDeploymentPostprocessing = 0;
		};
		29ADDA9C2201A3850013F5E6 /* Frameworks */ = {
			isa = PBXFrameworksBuildPhase;
			buildActionMask = 2147483647;
			files = (
				B4BECCC574B2D1D0AC4A593B /* Pods_roskachestvo_iosTests.framework in Frameworks */,
			);
			runOnlyForDeploymentPostprocessing = 0;
		};
/* End PBXFrameworksBuildPhase section */

/* Begin PBXGroup section */
		2951E55131ADC81C5529ACBB /* Frameworks */ = {
			isa = PBXGroup;
			children = (
				959B803F68DB8D2CCFCB03E9 /* Pods_roskachestvo_ios.framework */,
				F9DEF8405CF471BF6D746750 /* Pods_roskachestvo_iosTests.framework */,
			);
			name = Frameworks;
			sourceTree = "<group>";
		};
		29ADDA822201A3830013F5E6 = {
			isa = PBXGroup;
			children = (
				29ADDA8D2201A3830013F5E6 /* roskachestvo-ios */,
				29ADDAA22201A3850013F5E6 /* roskachestvo-iosTests */,
				29ADDA8C2201A3830013F5E6 /* Products */,
				9D0772C7E59BAD69F40E4BE1 /* Pods */,
				2951E55131ADC81C5529ACBB /* Frameworks */,
			);
			sourceTree = "<group>";
		};
		29ADDA8C2201A3830013F5E6 /* Products */ = {
			isa = PBXGroup;
			children = (
				29ADDA8B2201A3830013F5E6 /* roskachestvo-ios.app */,
				29ADDA9F2201A3850013F5E6 /* roskachestvo-iosTests.xctest */,
			);
			name = Products;
			sourceTree = "<group>";
		};
		29ADDA8D2201A3830013F5E6 /* roskachestvo-ios */ = {
			isa = PBXGroup;
			children = (
				B18B3AE5C79CDD6424012EC0 /* Classes */,
				B18B30A71091130AC7FF12EA /* Resources */,
				B18B3F823E297982F439F961 /* SupportingFiles */,
			);
			path = "roskachestvo-ios";
			sourceTree = "<group>";
		};
		29ADDAA22201A3850013F5E6 /* roskachestvo-iosTests */ = {
			isa = PBXGroup;
			children = (
				29ADDAA32201A3850013F5E6 /* roskachestvo_iosTests.swift */,
				29ADDAA52201A3850013F5E6 /* Info.plist */,
			);
			path = "roskachestvo-iosTests";
			sourceTree = "<group>";
		};
		9D0772C7E59BAD69F40E4BE1 /* Pods */ = {
			isa = PBXGroup;
			children = (
				0B13DE74A005F69D7C761B26 /* Pods-roskachestvo-ios.debug.xcconfig */,
				ABF4BAC2715046A73DA1724A /* Pods-roskachestvo-ios.release.xcconfig */,
				BB3E44FBDF588E2839B1993A /* Pods-roskachestvo-iosTests.debug.xcconfig */,
				B4B9C46480AFE7B4580D99E9 /* Pods-roskachestvo-iosTests.release.xcconfig */,
			);
			name = Pods;
			sourceTree = "<group>";
		};
		B18B304DA07C56AB89FBDDA0 /* TabBar */ = {
			isa = PBXGroup;
			children = (
				B18B3D754E1CFF47F5E53AC6 /* TabBarBasicContentView.swift */,
				B18B3D79F3F45047B3212E8E /* TabBarCentralContentView.swift */,
			);
			path = TabBar;
			sourceTree = "<group>";
		};
		B18B30A71091130AC7FF12EA /* Resources */ = {
			isa = PBXGroup;
			children = (
				B18B3E1052985F7DB7257FCC /* Images */,
				B18B324D9786C96B8F30B7A4 /* Fonts */,
			);
			path = Resources;
			sourceTree = "<group>";
		};
		B18B3104B7DD63A4ABC7BB99 /* Storyboards */ = {
			isa = PBXGroup;
			children = (
			);
			path = Storyboards;
			sourceTree = "<group>";
		};
		B18B3138FB81E439CEF1BAEE /* UserStories */ = {
			isa = PBXGroup;
			children = (
				B18B3AC6410365F967582337 /* ResearchUserStory */,
				B18B3AA17DE0A14F0D3BA928 /* LaunchScreen.storyboard */,
				B18B3EAF2059516C6D4FDD20 /* Main.storyboard */,
			);
			path = UserStories;
			sourceTree = "<group>";
		};
		B18B324D9786C96B8F30B7A4 /* Fonts */ = {
			isa = PBXGroup;
			children = (
				B18B334BD74DF4BE40E965E6 /* ProximaNovaBold.otf */,
			);
			path = Fonts;
			sourceTree = "<group>";
		};
		B18B348E0518A28ADB94A04F /* BusinessLogicLayer */ = {
			isa = PBXGroup;
			children = (
			);
			path = BusinessLogicLayer;
			sourceTree = "<group>";
		};
		B18B34966A96194E16A92871 /* Routers */ = {
			isa = PBXGroup;
			children = (
				B18B3115CCC49D47A9A39F14 /* AppRouter.swift */,
				B18B304DA07C56AB89FBDDA0 /* TabBar */,
			);
			path = Routers;
			sourceTree = "<group>";
		};
		B18B35639F490C0EB23CF987 /* Modules */ = {
			isa = PBXGroup;
			children = (
				B18B31BFE35DB9A365ED9DA1 /* ViewController.swift */,
			);
			path = Modules;
			sourceTree = "<group>";
		};
		B18B35DA430DA9EB18291D94 /* ApplicationLayer */ = {
			isa = PBXGroup;
			children = (
				B18B37B89DD95B2C2B89A5E2 /* LaunchSystem */,
				B18B34966A96194E16A92871 /* Routers */,
			);
			path = ApplicationLayer;
			sourceTree = "<group>";
		};
		B18B3682A86B05996ED18BD2 /* AppDelegates */ = {
			isa = PBXGroup;
			children = (
				B18B3CB3176704F66A9B9855 /* AppDelegate.swift */,
			);
			path = AppDelegates;
			sourceTree = "<group>";
		};
		B18B378212B73123B258EF86 /* Models */ = {
			isa = PBXGroup;
			children = (
			);
			path = Models;
			sourceTree = "<group>";
		};
		B18B37B89DD95B2C2B89A5E2 /* LaunchSystem */ = {
			isa = PBXGroup;
			children = (
				B18B3682A86B05996ED18BD2 /* AppDelegates */,
			);
			path = LaunchSystem;
			sourceTree = "<group>";
		};
		B18B38BD1D6A69A913F72E6E /* CoreLayer */ = {
			isa = PBXGroup;
			children = (
			);
			path = CoreLayer;
			sourceTree = "<group>";
		};
		B18B3939503FEC03685DB3C4 /* Common */ = {
			isa = PBXGroup;
			children = (
				B18B3AB87D1F79C78A87CE7E /* UIColor */,
				B18B3A9152B7FA43FC76C7DB /* UIFont */,
			);
			path = Common;
			sourceTree = "<group>";
		};
		B18B3A9152B7FA43FC76C7DB /* UIFont */ = {
			isa = PBXGroup;
			children = (
				B18B3CEF49597B85B25402F0 /* UIFont+Custom.swift */,
			);
			path = UIFont;
			sourceTree = "<group>";
		};
		B18B3AB87D1F79C78A87CE7E /* UIColor */ = {
			isa = PBXGroup;
			children = (
				B18B3072F541D6FEFD4ED429 /* UIColor+ApplicationPalette.swift */,
				B18B33EC6B32EA505CBFB43D /* UIColor+TextColor.swift */,
			);
			path = UIColor;
			sourceTree = "<group>";
		};
		B18B3AC6410365F967582337 /* ResearchUserStory */ = {
			isa = PBXGroup;
			children = (
				B18B35639F490C0EB23CF987 /* Modules */,
				B18B3104B7DD63A4ABC7BB99 /* Storyboards */,
			);
			path = ResearchUserStory;
			sourceTree = "<group>";
		};
		B18B3AD4AE317D5F2DEF7ABA /* PresentationLayer */ = {
			isa = PBXGroup;
			children = (
				B18B3939503FEC03685DB3C4 /* Common */,
				B18B3138FB81E439CEF1BAEE /* UserStories */,
			);
			path = PresentationLayer;
			sourceTree = "<group>";
		};
		B18B3AE5C79CDD6424012EC0 /* Classes */ = {
			isa = PBXGroup;
			children = (
				B18B35DA430DA9EB18291D94 /* ApplicationLayer */,
				B18B378212B73123B258EF86 /* Models */,
				B18B38BD1D6A69A913F72E6E /* CoreLayer */,
				B18B348E0518A28ADB94A04F /* BusinessLogicLayer */,
				B18B3AD4AE317D5F2DEF7ABA /* PresentationLayer */,
			);
			path = Classes;
			sourceTree = "<group>";
		};
		B18B3E1052985F7DB7257FCC /* Images */ = {
			isa = PBXGroup;
			children = (
				B18B3349F8E3BC1D10EDA206 /* Assets.xcassets */,
			);
			path = Images;
			sourceTree = "<group>";
		};
		B18B3F823E297982F439F961 /* SupportingFiles */ = {
			isa = PBXGroup;
			children = (
				B18B3B0EAF1998B339C6587C /* Info.plist */,
			);
			path = SupportingFiles;
			sourceTree = "<group>";
		};
/* End PBXGroup section */

/* Begin PBXNativeTarget section */
		29ADDA8A2201A3830013F5E6 /* roskachestvo-ios */ = {
			isa = PBXNativeTarget;
			buildConfigurationList = 29ADDAA82201A3850013F5E6 /* Build configuration list for PBXNativeTarget "roskachestvo-ios" */;
			buildPhases = (
				AAB41BC2B0AF23E2B8FD791A /* [CP] Check Pods Manifest.lock */,
				29ADDA872201A3830013F5E6 /* Sources */,
				29ADDA882201A3830013F5E6 /* Frameworks */,
				29ADDA892201A3830013F5E6 /* Resources */,
				2F656C4CA39EC155BEE7AF6B /* [CP] Embed Pods Frameworks */,
				9E8735C022048E5200FBE40C /* SwiftLint */,
			);
			buildRules = (
			);
			dependencies = (
			);
			name = "roskachestvo-ios";
			productName = "roskachestvo-ios";
			productReference = 29ADDA8B2201A3830013F5E6 /* roskachestvo-ios.app */;
			productType = "com.apple.product-type.application";
		};
		29ADDA9E2201A3850013F5E6 /* roskachestvo-iosTests */ = {
			isa = PBXNativeTarget;
			buildConfigurationList = 29ADDAAB2201A3850013F5E6 /* Build configuration list for PBXNativeTarget "roskachestvo-iosTests" */;
			buildPhases = (
				C3D346CED9A3E4FAA9ACAA60 /* [CP] Check Pods Manifest.lock */,
				29ADDA9B2201A3850013F5E6 /* Sources */,
				29ADDA9C2201A3850013F5E6 /* Frameworks */,
				29ADDA9D2201A3850013F5E6 /* Resources */,
			);
			buildRules = (
			);
			dependencies = (
				29ADDAA12201A3850013F5E6 /* PBXTargetDependency */,
			);
			name = "roskachestvo-iosTests";
			productName = "roskachestvo-iosTests";
			productReference = 29ADDA9F2201A3850013F5E6 /* roskachestvo-iosTests.xctest */;
			productType = "com.apple.product-type.bundle.unit-test";
		};
/* End PBXNativeTarget section */

/* Begin PBXProject section */
		29ADDA832201A3830013F5E6 /* Project object */ = {
			isa = PBXProject;
			attributes = {
				LastSwiftUpdateCheck = 1010;
				LastUpgradeCheck = 1010;
				ORGANIZATIONNAME = trykov;
				TargetAttributes = {
					29ADDA8A2201A3830013F5E6 = {
						CreatedOnToolsVersion = 10.1;
						ProvisioningStyle = Automatic;
					};
					29ADDA9E2201A3850013F5E6 = {
						CreatedOnToolsVersion = 10.1;
						ProvisioningStyle = Automatic;
						TestTargetID = 29ADDA8A2201A3830013F5E6;
					};
				};
			};
			buildConfigurationList = 29ADDA862201A3830013F5E6 /* Build configuration list for PBXProject "roskachestvo-ios" */;
			compatibilityVersion = "Xcode 8.0";
			developmentRegion = en;
			hasScannedForEncodings = 0;
			knownRegions = (
				en,
				Base,
			);
			mainGroup = 29ADDA822201A3830013F5E6;
			productRefGroup = 29ADDA8C2201A3830013F5E6 /* Products */;
			projectDirPath = "";
			projectRoot = "";
			targets = (
				29ADDA8A2201A3830013F5E6 /* roskachestvo-ios */,
				29ADDA9E2201A3850013F5E6 /* roskachestvo-iosTests */,
			);
		};
/* End PBXProject section */

/* Begin PBXResourcesBuildPhase section */
		29ADDA892201A3830013F5E6 /* Resources */ = {
			isa = PBXResourcesBuildPhase;
			buildActionMask = 2147483647;
			files = (
				B18B332161B33D8B4C17CA9E /* Assets.xcassets in Resources */,
				B18B307AADECA60BC275E53E /* LaunchScreen.storyboard in Resources */,
				B18B327B12BE658B14A42CF4 /* Main.storyboard in Resources */,
				B18B3076BD83EBC68A980DDE /* ProximaNovaBold.otf in Resources */,
			);
			runOnlyForDeploymentPostprocessing = 0;
		};
		29ADDA9D2201A3850013F5E6 /* Resources */ = {
			isa = PBXResourcesBuildPhase;
			buildActionMask = 2147483647;
			files = (
			);
			runOnlyForDeploymentPostprocessing = 0;
		};
/* End PBXResourcesBuildPhase section */

/* Begin PBXShellScriptBuildPhase section */
		2F656C4CA39EC155BEE7AF6B /* [CP] Embed Pods Frameworks */ = {
			isa = PBXShellScriptBuildPhase;
			buildActionMask = 2147483647;
			files = (
			);
			inputPaths = (
				"${SRCROOT}/Pods/Target Support Files/Pods-roskachestvo-ios/Pods-roskachestvo-ios-frameworks.sh",
				"${BUILT_PRODUCTS_DIR}/ESTabBarController-swift/ESTabBarController_swift.framework",
				"${PODS_ROOT}/Reveal-SDK/RevealServer-18/iOS/RevealServer.framework",
			);
			name = "[CP] Embed Pods Frameworks";
			outputPaths = (
				"${TARGET_BUILD_DIR}/${FRAMEWORKS_FOLDER_PATH}/ESTabBarController_swift.framework",
				"${TARGET_BUILD_DIR}/${FRAMEWORKS_FOLDER_PATH}/RevealServer.framework",
			);
			runOnlyForDeploymentPostprocessing = 0;
			shellPath = /bin/sh;
			shellScript = "\"${SRCROOT}/Pods/Target Support Files/Pods-roskachestvo-ios/Pods-roskachestvo-ios-frameworks.sh\"\n";
			showEnvVarsInLog = 0;
		};
		9E8735C022048E5200FBE40C /* SwiftLint */ = {
			isa = PBXShellScriptBuildPhase;
			buildActionMask = 2147483647;
			files = (
			);
			inputPaths = (
			);
			name = SwiftLint;
			outputPaths = (
			);
			runOnlyForDeploymentPostprocessing = 0;
			shellPath = /bin/sh;
			shellScript = "if which swiftlint >/dev/null; then\n\"${PODS_ROOT}/SwiftLint/swiftlint\" --strict\nelse\necho \"error: SwiftLint does not exist, download it from https://github.com/realm/SwiftLint\"\nexit 1\nfi\n\n";
		};
		AAB41BC2B0AF23E2B8FD791A /* [CP] Check Pods Manifest.lock */ = {
			isa = PBXShellScriptBuildPhase;
			buildActionMask = 2147483647;
			files = (
			);
			inputPaths = (
				"${PODS_PODFILE_DIR_PATH}/Podfile.lock",
				"${PODS_ROOT}/Manifest.lock",
			);
			name = "[CP] Check Pods Manifest.lock";
			outputPaths = (
				"$(DERIVED_FILE_DIR)/Pods-roskachestvo-ios-checkManifestLockResult.txt",
			);
			runOnlyForDeploymentPostprocessing = 0;
			shellPath = /bin/sh;
			shellScript = "diff \"${PODS_PODFILE_DIR_PATH}/Podfile.lock\" \"${PODS_ROOT}/Manifest.lock\" > /dev/null\nif [ $? != 0 ] ; then\n    # print error to STDERR\n    echo \"error: The sandbox is not in sync with the Podfile.lock. Run 'pod install' or update your CocoaPods installation.\" >&2\n    exit 1\nfi\n# This output is used by Xcode 'outputs' to avoid re-running this script phase.\necho \"SUCCESS\" > \"${SCRIPT_OUTPUT_FILE_0}\"\n";
			showEnvVarsInLog = 0;
		};
		C3D346CED9A3E4FAA9ACAA60 /* [CP] Check Pods Manifest.lock */ = {
			isa = PBXShellScriptBuildPhase;
			buildActionMask = 2147483647;
			files = (
			);
			inputPaths = (
				"${PODS_PODFILE_DIR_PATH}/Podfile.lock",
				"${PODS_ROOT}/Manifest.lock",
			);
			name = "[CP] Check Pods Manifest.lock";
			outputPaths = (
				"$(DERIVED_FILE_DIR)/Pods-roskachestvo-iosTests-checkManifestLockResult.txt",
			);
			runOnlyForDeploymentPostprocessing = 0;
			shellPath = /bin/sh;
			shellScript = "diff \"${PODS_PODFILE_DIR_PATH}/Podfile.lock\" \"${PODS_ROOT}/Manifest.lock\" > /dev/null\nif [ $? != 0 ] ; then\n    # print error to STDERR\n    echo \"error: The sandbox is not in sync with the Podfile.lock. Run 'pod install' or update your CocoaPods installation.\" >&2\n    exit 1\nfi\n# This output is used by Xcode 'outputs' to avoid re-running this script phase.\necho \"SUCCESS\" > \"${SCRIPT_OUTPUT_FILE_0}\"\n";
			showEnvVarsInLog = 0;
		};
/* End PBXShellScriptBuildPhase section */

/* Begin PBXSourcesBuildPhase section */
		29ADDA872201A3830013F5E6 /* Sources */ = {
			isa = PBXSourcesBuildPhase;
			buildActionMask = 2147483647;
			files = (
				B18B304303996D981C08D138 /* AppDelegate.swift in Sources */,
				B18B38AAB7F06511C77121BF /* ViewController.swift in Sources */,
				B18B3F3DE5DAEC0E5BB18FC1 /* UIColor+ApplicationPalette.swift in Sources */,
				B18B3F3D7142C03938A9ADB9 /* AppRouter.swift in Sources */,
				B18B3E33E83A802720D0A1E9 /* TabBarBasicContentView.swift in Sources */,
				B18B389CED0765AC4CB82A2E /* UIColor+TextColor.swift in Sources */,
				B18B34FE66DB02160836D9E9 /* TabBarCentralContentView.swift in Sources */,
				B18B37DB720F3D7FC54FAEC3 /* UIFont+Custom.swift in Sources */,
			);
			runOnlyForDeploymentPostprocessing = 0;
		};
		29ADDA9B2201A3850013F5E6 /* Sources */ = {
			isa = PBXSourcesBuildPhase;
			buildActionMask = 2147483647;
			files = (
				29ADDAA42201A3850013F5E6 /* roskachestvo_iosTests.swift in Sources */,
			);
			runOnlyForDeploymentPostprocessing = 0;
		};
/* End PBXSourcesBuildPhase section */

/* Begin PBXTargetDependency section */
		29ADDAA12201A3850013F5E6 /* PBXTargetDependency */ = {
			isa = PBXTargetDependency;
			target = 29ADDA8A2201A3830013F5E6 /* roskachestvo-ios */;
			targetProxy = 29ADDAA02201A3850013F5E6 /* PBXContainerItemProxy */;
		};
/* End PBXTargetDependency section */

/* Begin XCBuildConfiguration section */
		29ADDAA62201A3850013F5E6 /* Debug */ = {
			isa = XCBuildConfiguration;
			buildSettings = {
				ALWAYS_SEARCH_USER_PATHS = NO;
				CLANG_ANALYZER_NONNULL = YES;
				CLANG_ANALYZER_NUMBER_OBJECT_CONVERSION = YES_AGGRESSIVE;
				CLANG_CXX_LANGUAGE_STANDARD = "gnu++14";
				CLANG_CXX_LIBRARY = "libc++";
				CLANG_ENABLE_MODULES = YES;
				CLANG_ENABLE_OBJC_ARC = YES;
				CLANG_ENABLE_OBJC_WEAK = YES;
				CLANG_WARN_BLOCK_CAPTURE_AUTORELEASING = YES;
				CLANG_WARN_BOOL_CONVERSION = YES;
				CLANG_WARN_COMMA = YES;
				CLANG_WARN_CONSTANT_CONVERSION = YES;
				CLANG_WARN_DEPRECATED_OBJC_IMPLEMENTATIONS = YES;
				CLANG_WARN_DIRECT_OBJC_ISA_USAGE = YES_ERROR;
				CLANG_WARN_DOCUMENTATION_COMMENTS = YES;
				CLANG_WARN_EMPTY_BODY = YES;
				CLANG_WARN_ENUM_CONVERSION = YES;
				CLANG_WARN_INFINITE_RECURSION = YES;
				CLANG_WARN_INT_CONVERSION = YES;
				CLANG_WARN_NON_LITERAL_NULL_CONVERSION = YES;
				CLANG_WARN_OBJC_IMPLICIT_RETAIN_SELF = YES;
				CLANG_WARN_OBJC_LITERAL_CONVERSION = YES;
				CLANG_WARN_OBJC_ROOT_CLASS = YES_ERROR;
				CLANG_WARN_RANGE_LOOP_ANALYSIS = YES;
				CLANG_WARN_STRICT_PROTOTYPES = YES;
				CLANG_WARN_SUSPICIOUS_MOVE = YES;
				CLANG_WARN_UNGUARDED_AVAILABILITY = YES_AGGRESSIVE;
				CLANG_WARN_UNREACHABLE_CODE = YES;
				CLANG_WARN__DUPLICATE_METHOD_MATCH = YES;
				CODE_SIGN_IDENTITY = "iPhone Developer";
				COPY_PHASE_STRIP = NO;
				DEBUG_INFORMATION_FORMAT = dwarf;
				ENABLE_STRICT_OBJC_MSGSEND = YES;
				ENABLE_TESTABILITY = YES;
				GCC_C_LANGUAGE_STANDARD = gnu11;
				GCC_DYNAMIC_NO_PIC = NO;
				GCC_NO_COMMON_BLOCKS = YES;
				GCC_OPTIMIZATION_LEVEL = 0;
				GCC_PREPROCESSOR_DEFINITIONS = (
					"DEBUG=1",
					"$(inherited)",
				);
				GCC_WARN_64_TO_32_BIT_CONVERSION = YES;
				GCC_WARN_ABOUT_RETURN_TYPE = YES_ERROR;
				GCC_WARN_UNDECLARED_SELECTOR = YES;
				GCC_WARN_UNINITIALIZED_AUTOS = YES_AGGRESSIVE;
				GCC_WARN_UNUSED_FUNCTION = YES;
				GCC_WARN_UNUSED_VARIABLE = YES;
				IPHONEOS_DEPLOYMENT_TARGET = 12.1;
				MTL_ENABLE_DEBUG_INFO = INCLUDE_SOURCE;
				MTL_FAST_MATH = YES;
				ONLY_ACTIVE_ARCH = YES;
				SDKROOT = iphoneos;
				SWIFT_ACTIVE_COMPILATION_CONDITIONS = DEBUG;
				SWIFT_OPTIMIZATION_LEVEL = "-Onone";
			};
			name = Debug;
		};
		29ADDAA72201A3850013F5E6 /* Release */ = {
			isa = XCBuildConfiguration;
			buildSettings = {
				ALWAYS_SEARCH_USER_PATHS = NO;
				CLANG_ANALYZER_NONNULL = YES;
				CLANG_ANALYZER_NUMBER_OBJECT_CONVERSION = YES_AGGRESSIVE;
				CLANG_CXX_LANGUAGE_STANDARD = "gnu++14";
				CLANG_CXX_LIBRARY = "libc++";
				CLANG_ENABLE_MODULES = YES;
				CLANG_ENABLE_OBJC_ARC = YES;
				CLANG_ENABLE_OBJC_WEAK = YES;
				CLANG_WARN_BLOCK_CAPTURE_AUTORELEASING = YES;
				CLANG_WARN_BOOL_CONVERSION = YES;
				CLANG_WARN_COMMA = YES;
				CLANG_WARN_CONSTANT_CONVERSION = YES;
				CLANG_WARN_DEPRECATED_OBJC_IMPLEMENTATIONS = YES;
				CLANG_WARN_DIRECT_OBJC_ISA_USAGE = YES_ERROR;
				CLANG_WARN_DOCUMENTATION_COMMENTS = YES;
				CLANG_WARN_EMPTY_BODY = YES;
				CLANG_WARN_ENUM_CONVERSION = YES;
				CLANG_WARN_INFINITE_RECURSION = YES;
				CLANG_WARN_INT_CONVERSION = YES;
				CLANG_WARN_NON_LITERAL_NULL_CONVERSION = YES;
				CLANG_WARN_OBJC_IMPLICIT_RETAIN_SELF = YES;
				CLANG_WARN_OBJC_LITERAL_CONVERSION = YES;
				CLANG_WARN_OBJC_ROOT_CLASS = YES_ERROR;
				CLANG_WARN_RANGE_LOOP_ANALYSIS = YES;
				CLANG_WARN_STRICT_PROTOTYPES = YES;
				CLANG_WARN_SUSPICIOUS_MOVE = YES;
				CLANG_WARN_UNGUARDED_AVAILABILITY = YES_AGGRESSIVE;
				CLANG_WARN_UNREACHABLE_CODE = YES;
				CLANG_WARN__DUPLICATE_METHOD_MATCH = YES;
				CODE_SIGN_IDENTITY = "iPhone Developer";
				COPY_PHASE_STRIP = NO;
				DEBUG_INFORMATION_FORMAT = "dwarf-with-dsym";
				ENABLE_NS_ASSERTIONS = NO;
				ENABLE_STRICT_OBJC_MSGSEND = YES;
				GCC_C_LANGUAGE_STANDARD = gnu11;
				GCC_NO_COMMON_BLOCKS = YES;
				GCC_WARN_64_TO_32_BIT_CONVERSION = YES;
				GCC_WARN_ABOUT_RETURN_TYPE = YES_ERROR;
				GCC_WARN_UNDECLARED_SELECTOR = YES;
				GCC_WARN_UNINITIALIZED_AUTOS = YES_AGGRESSIVE;
				GCC_WARN_UNUSED_FUNCTION = YES;
				GCC_WARN_UNUSED_VARIABLE = YES;
				IPHONEOS_DEPLOYMENT_TARGET = 12.1;
				MTL_ENABLE_DEBUG_INFO = NO;
				MTL_FAST_MATH = YES;
				SDKROOT = iphoneos;
				SWIFT_OPTIMIZATION_LEVEL = "-Owholemodule";
				VALIDATE_PRODUCT = YES;
			};
			name = Release;
		};
		29ADDAA92201A3850013F5E6 /* Debug */ = {
			isa = XCBuildConfiguration;
			baseConfigurationReference = 0B13DE74A005F69D7C761B26 /* Pods-roskachestvo-ios.debug.xcconfig */;
			buildSettings = {
				ASSETCATALOG_COMPILER_APPICON_NAME = AppIcon;
				CODE_SIGN_STYLE = Automatic;
				DEVELOPMENT_TEAM = 7ZU2JEECEY;
				INFOPLIST_FILE = "$(SRCROOT)/roskachestvo-ios/SupportingFiles/Info.plist";
				LD_RUNPATH_SEARCH_PATHS = "$(inherited) @executable_path/Frameworks";
				PRODUCT_BUNDLE_IDENTIFIER = "ru.trykov.roskachestvo-ios";
				PRODUCT_NAME = "$(TARGET_NAME)";
				SWIFT_VERSION = 4.2;
				TARGETED_DEVICE_FAMILY = 1;
			};
			name = Debug;
		};
		29ADDAAA2201A3850013F5E6 /* Release */ = {
			isa = XCBuildConfiguration;
			baseConfigurationReference = ABF4BAC2715046A73DA1724A /* Pods-roskachestvo-ios.release.xcconfig */;
			buildSettings = {
				ASSETCATALOG_COMPILER_APPICON_NAME = AppIcon;
				CODE_SIGN_STYLE = Automatic;
				DEVELOPMENT_TEAM = 7ZU2JEECEY;
				INFOPLIST_FILE = "$(SRCROOT)/roskachestvo-ios/SupportingFiles/Info.plist";
				LD_RUNPATH_SEARCH_PATHS = "$(inherited) @executable_path/Frameworks";
				PRODUCT_BUNDLE_IDENTIFIER = "ru.trykov.roskachestvo-ios";
				PRODUCT_NAME = "$(TARGET_NAME)";
				SWIFT_VERSION = 4.2;
				TARGETED_DEVICE_FAMILY = 1;
			};
			name = Release;
		};
		29ADDAAC2201A3850013F5E6 /* Debug */ = {
			isa = XCBuildConfiguration;
			baseConfigurationReference = BB3E44FBDF588E2839B1993A /* Pods-roskachestvo-iosTests.debug.xcconfig */;
			buildSettings = {
				ALWAYS_EMBED_SWIFT_STANDARD_LIBRARIES = YES;
				BUNDLE_LOADER = "$(TEST_HOST)";
				CODE_SIGN_STYLE = Automatic;
				DEVELOPMENT_TEAM = PGGKYL8336;
				INFOPLIST_FILE = "roskachestvo-iosTests/Info.plist";
				LD_RUNPATH_SEARCH_PATHS = "$(inherited) @executable_path/Frameworks @loader_path/Frameworks";
				PRODUCT_BUNDLE_IDENTIFIER = "ru.trykov.roskachestvo-iosTests";
				PRODUCT_NAME = "$(TARGET_NAME)";
				SWIFT_VERSION = 4.2;
				TARGETED_DEVICE_FAMILY = "1,2";
				TEST_HOST = "$(BUILT_PRODUCTS_DIR)/roskachestvo-ios.app/roskachestvo-ios";
			};
			name = Debug;
		};
		29ADDAAD2201A3850013F5E6 /* Release */ = {
			isa = XCBuildConfiguration;
			baseConfigurationReference = B4B9C46480AFE7B4580D99E9 /* Pods-roskachestvo-iosTests.release.xcconfig */;
			buildSettings = {
				ALWAYS_EMBED_SWIFT_STANDARD_LIBRARIES = YES;
				BUNDLE_LOADER = "$(TEST_HOST)";
				CODE_SIGN_STYLE = Automatic;
				DEVELOPMENT_TEAM = PGGKYL8336;
				INFOPLIST_FILE = "roskachestvo-iosTests/Info.plist";
				LD_RUNPATH_SEARCH_PATHS = "$(inherited) @executable_path/Frameworks @loader_path/Frameworks";
				PRODUCT_BUNDLE_IDENTIFIER = "ru.trykov.roskachestvo-iosTests";
				PRODUCT_NAME = "$(TARGET_NAME)";
				SWIFT_VERSION = 4.2;
				TARGETED_DEVICE_FAMILY = "1,2";
				TEST_HOST = "$(BUILT_PRODUCTS_DIR)/roskachestvo-ios.app/roskachestvo-ios";
			};
			name = Release;
		};
/* End XCBuildConfiguration section */

/* Begin XCConfigurationList section */
		29ADDA862201A3830013F5E6 /* Build configuration list for PBXProject "roskachestvo-ios" */ = {
			isa = XCConfigurationList;
			buildConfigurations = (
				29ADDAA62201A3850013F5E6 /* Debug */,
				29ADDAA72201A3850013F5E6 /* Release */,
			);
			defaultConfigurationIsVisible = 0;
			defaultConfigurationName = Release;
		};
		29ADDAA82201A3850013F5E6 /* Build configuration list for PBXNativeTarget "roskachestvo-ios" */ = {
			isa = XCConfigurationList;
			buildConfigurations = (
				29ADDAA92201A3850013F5E6 /* Debug */,
				29ADDAAA2201A3850013F5E6 /* Release */,
			);
			defaultConfigurationIsVisible = 0;
			defaultConfigurationName = Release;
		};
		29ADDAAB2201A3850013F5E6 /* Build configuration list for PBXNativeTarget "roskachestvo-iosTests" */ = {
			isa = XCConfigurationList;
			buildConfigurations = (
				29ADDAAC2201A3850013F5E6 /* Debug */,
				29ADDAAD2201A3850013F5E6 /* Release */,
			);
			defaultConfigurationIsVisible = 0;
			defaultConfigurationName = Release;
		};
/* End XCConfigurationList section */
	};
	rootObject = 29ADDA832201A3830013F5E6 /* Project object */;
}
