// !$*UTF8*$!
{
	archiveVersion = 1;
	classes = {
	};
	objectVersion = 48;
	objects = {

/* Begin PBXBuildFile section */
		0C749EE30CA61DCB5A049786 /* MainFeedPresenter.swift in Sources */ = {isa = PBXBuildFile; fileRef = 48A8A20468B5B7E48A5C2CC8 /* MainFeedPresenter.swift */; };
		1388E5B61DFE43AD6ACD255E /* ResearchDetailsModuleOutput.swift in Sources */ = {isa = PBXBuildFile; fileRef = 15F5258BDD210BDBE879DA71 /* ResearchDetailsModuleOutput.swift */; };
		14291692697FA57852035742 /* ProductDetailsModuleInput.swift in Sources */ = {isa = PBXBuildFile; fileRef = 69E4D7A5D9D8C256A585934D /* ProductDetailsModuleInput.swift */; };
		235C15FB4B89AB0551075700 /* ProductDetailsModuleOutput.swift in Sources */ = {isa = PBXBuildFile; fileRef = 85990B3B165E5DAA252CDAF9 /* ProductDetailsModuleOutput.swift */; };
		26DA4B27665B16D313119C29 /* ProductDetailsViewController.swift in Sources */ = {isa = PBXBuildFile; fileRef = 6B040D942952807E8C2A97C8 /* ProductDetailsViewController.swift */; };
		278320AF374D11E85C0E84A9 /* ResearchDetailsConfigurator.swift in Sources */ = {isa = PBXBuildFile; fileRef = F4F5C7ACFDA9774FD062A59A /* ResearchDetailsConfigurator.swift */; };
		28A99FA8FE5B8DB89CD7ED51 /* MainFeedCellViewModel.swift in Sources */ = {isa = PBXBuildFile; fileRef = B569826C81DB6F92B4F231EF /* MainFeedCellViewModel.swift */; };
		2946539D221973B9005DF4D4 /* ResearchDetails.storyboard in Resources */ = {isa = PBXBuildFile; fileRef = 2946539C221973B9005DF4D4 /* ResearchDetails.storyboard */; };
		294EFFD222101B61005F197B /* R.generated.swift in Sources */ = {isa = PBXBuildFile; fileRef = 294EFFD122101B61005F197B /* R.generated.swift */; };
		294EFFD5221027F0005F197B /* Color.xcassets in Resources */ = {isa = PBXBuildFile; fileRef = 294EFFD4221027F0005F197B /* Color.xcassets */; };
		29ADDAA42201A3850013F5E6 /* roskachestvo_iosTests.swift in Sources */ = {isa = PBXBuildFile; fileRef = 29ADDAA32201A3850013F5E6 /* roskachestvo_iosTests.swift */; };
		31AF408359A48CCF268E3C17 /* ProductDetailsInteractorOutput.swift in Sources */ = {isa = PBXBuildFile; fileRef = 0CFCB91AFDF980CF05103B59 /* ProductDetailsInteractorOutput.swift */; };
		37221FAB896E8E15330CCD41 /* ProductDetailsViewInput.swift in Sources */ = {isa = PBXBuildFile; fileRef = 2EA1B12107EA2EE1BD1116FD /* ProductDetailsViewInput.swift */; };
		3AA66F4630166C35DA5236EC /* ResearchDetailsViewInput.swift in Sources */ = {isa = PBXBuildFile; fileRef = E8AE49944A8C2528F66E3F1C /* ResearchDetailsViewInput.swift */; };
		5BF4C927F08F4447063FE88A /* ProductDetailsCellViewModel.swift in Sources */ = {isa = PBXBuildFile; fileRef = 58D3CF3B6C6D77CECE1AA477 /* ProductDetailsCellViewModel.swift */; };
		5D4165CC476503FBB170B335 /* ResearchDetailsInitializer.swift in Sources */ = {isa = PBXBuildFile; fileRef = 8CB9FE9E46333E1C20007CC0 /* ResearchDetailsInitializer.swift */; };
		5E625582432E77927520E8A0 /* MainFeedInteractorInput.swift in Sources */ = {isa = PBXBuildFile; fileRef = 5B9459F59D34E2C281B09AA7 /* MainFeedInteractorInput.swift */; };
		5EECB170831CC6CA2DDEDB8E /* MainFeedCell.swift in Sources */ = {isa = PBXBuildFile; fileRef = DE8D489EC2CEC59B75EC2317 /* MainFeedCell.swift */; };
		60C8933F00B155686CC577B7 /* MainFeedViewInput.swift in Sources */ = {isa = PBXBuildFile; fileRef = 58BAB5F62A6DE2CDE336B4E0 /* MainFeedViewInput.swift */; };
		6110009AAF0C3A117A6AFEF1 /* MainFeedDataDisplayManager.swift in Sources */ = {isa = PBXBuildFile; fileRef = 84D1B5F18471003C5A4F77DB /* MainFeedDataDisplayManager.swift */; };
		6B034187C1DE84B4622F1F75 /* ProductDetailsRouterInput.swift in Sources */ = {isa = PBXBuildFile; fileRef = BEFE78201C22D1FF8E7DECC5 /* ProductDetailsRouterInput.swift */; };
		71F9FAC01CFE67CD1CEE311C /* ResearchDetailsSectionController.swift in Sources */ = {isa = PBXBuildFile; fileRef = 37DB079149356990F5410D1F /* ResearchDetailsSectionController.swift */; };
		746F640E376AB903C9F2CF5B /* ProductDetailsRouter.swift in Sources */ = {isa = PBXBuildFile; fileRef = AAF1E9A2F6551A8B7330A5B1 /* ProductDetailsRouter.swift */; };
		79249D4310997F1B31B7023F /* MainFeedRouterInput.swift in Sources */ = {isa = PBXBuildFile; fileRef = 5D8DA51915CF9862F9B25395 /* MainFeedRouterInput.swift */; };
		7A2F0F082644D412E05C6673 /* ResearchDetailsInteractorInput.swift in Sources */ = {isa = PBXBuildFile; fileRef = D3E222BD6C608C9C1D49F997 /* ResearchDetailsInteractorInput.swift */; };
		7C79E125A16ACBE20B692F2D /* MainFeedViewOutput.swift in Sources */ = {isa = PBXBuildFile; fileRef = C9BA003244F3A847D9C5F856 /* MainFeedViewOutput.swift */; };
		7EB6080447AEC2F355EF467A /* ResearchDetailsInteractorOutput.swift in Sources */ = {isa = PBXBuildFile; fileRef = F648EE7A2F51E1F5939CA662 /* ResearchDetailsInteractorOutput.swift */; };
		837FCB426952D7479EB0C0F9 /* ProductDetailsViewOutput.swift in Sources */ = {isa = PBXBuildFile; fileRef = 1E5076ADEA2B865C390A7E45 /* ProductDetailsViewOutput.swift */; };
		85D0DC14423B6C9A9DF29E5F /* ResearchDetailsPresenter.swift in Sources */ = {isa = PBXBuildFile; fileRef = DF039EB9661C79329EA84CAC /* ResearchDetailsPresenter.swift */; };
		8802DCB37B529C94A366FAEE /* MainFeedModuleInput.swift in Sources */ = {isa = PBXBuildFile; fileRef = 858B53570581BE71DC125BAC /* MainFeedModuleInput.swift */; };
		8AC65F2F1BE8F31B5783A49A /* MainFeedViewController.swift in Sources */ = {isa = PBXBuildFile; fileRef = AAD25FB90CC3F9EC228524C5 /* MainFeedViewController.swift */; };
		8BC1FC3069056C46BFE03108 /* MainFeedRouter.swift in Sources */ = {isa = PBXBuildFile; fileRef = DFFF5AF52C258C50F164F71D /* MainFeedRouter.swift */; };
		8BEFD369FAFE685A4C59D916 /* ResearchDetailsCell.swift in Sources */ = {isa = PBXBuildFile; fileRef = 274734367C189FFF4C0C84AE /* ResearchDetailsCell.swift */; };
		8E42ADA19C8FCB6D6FD34DBE /* ProductDetailsInteractor.swift in Sources */ = {isa = PBXBuildFile; fileRef = CBA5FE13FE72FD3992B14C45 /* ProductDetailsInteractor.swift */; };
		9383BA1650668A4548BC7DC6 /* ResearchDetailsRouter.swift in Sources */ = {isa = PBXBuildFile; fileRef = 37D1F42100A93B30CE567F63 /* ResearchDetailsRouter.swift */; };
		9857D5BC34B35208929B76BC /* MainFeedConfigurator.swift in Sources */ = {isa = PBXBuildFile; fileRef = E6FEBED8937A3E36BE29EAB2 /* MainFeedConfigurator.swift */; };
		9DAD5F47B98BBE8AC8712517 /* MainFeedSectionViewModel.swift in Sources */ = {isa = PBXBuildFile; fileRef = 3022F528246E2FEBA3B1C728 /* MainFeedSectionViewModel.swift */; };
		A19D1BED2F111D1C9945FE4E /* MainFeedInteractorOutput.swift in Sources */ = {isa = PBXBuildFile; fileRef = 3AE41CD35DA2F2B71E0846CD /* MainFeedInteractorOutput.swift */; };
		A508D5693E655DB07929E83F /* MainFeedModuleOutput.swift in Sources */ = {isa = PBXBuildFile; fileRef = 70408DA4DAAB94660EF871BB /* MainFeedModuleOutput.swift */; };
		A5D3061513BDD55F0C73355B /* ResearchDetailsModuleInput.swift in Sources */ = {isa = PBXBuildFile; fileRef = 6C2E7B6F2B8FAE1ECD762C22 /* ResearchDetailsModuleInput.swift */; };
		A6E9BAC318D0EA1AB8DC3375 /* ProductDetailsInteractorInput.swift in Sources */ = {isa = PBXBuildFile; fileRef = E5930E53E14CFC8F802EF4E9 /* ProductDetailsInteractorInput.swift */; };
		AA53A5BBFFB8E3738AAFE5D9 /* ResearchDetailsDataDisplayManager.swift in Sources */ = {isa = PBXBuildFile; fileRef = 85D5D9B69E52CEA9A619FC6D /* ResearchDetailsDataDisplayManager.swift */; };
		B0A13261A334EC385B363C72 /* ProductDetailsSectionController.swift in Sources */ = {isa = PBXBuildFile; fileRef = B4084AA9119489BDFC38A00F /* ProductDetailsSectionController.swift */; };
		B131FF577D24F221D01D029E /* MainFeedInitializer.swift in Sources */ = {isa = PBXBuildFile; fileRef = DD0AD0E99C70CFD706426612 /* MainFeedInitializer.swift */; };
		B18B304303996D981C08D138 /* AppDelegate.swift in Sources */ = {isa = PBXBuildFile; fileRef = B18B3CB3176704F66A9B9855 /* AppDelegate.swift */; };
		B18B3076BD83EBC68A980DDE /* ProximaNovaBold.otf in Resources */ = {isa = PBXBuildFile; fileRef = B18B334BD74DF4BE40E965E6 /* ProximaNovaBold.otf */; };
		B18B307AADECA60BC275E53E /* LaunchScreen.storyboard in Resources */ = {isa = PBXBuildFile; fileRef = B18B3AA17DE0A14F0D3BA928 /* LaunchScreen.storyboard */; };
		B18B327B12BE658B14A42CF4 /* Main.storyboard in Resources */ = {isa = PBXBuildFile; fileRef = B18B3EAF2059516C6D4FDD20 /* Main.storyboard */; };
		B18B32FCBDC14A83522EB12A /* Backpack-Bold.otf in Resources */ = {isa = PBXBuildFile; fileRef = B18B35A8DA64620F2ECFD68C /* Backpack-Bold.otf */; };
		B18B332161B33D8B4C17CA9E /* Assets.xcassets in Resources */ = {isa = PBXBuildFile; fileRef = B18B3349F8E3BC1D10EDA206 /* Assets.xcassets */; };
		B18B33316AFAA22393DE8BC6 /* ProductDetails.storyboard in Resources */ = {isa = PBXBuildFile; fileRef = B18B3817B34669B63C9C7D16 /* ProductDetails.storyboard */; };
		B18B33524411DBA17960070F /* ResearchCell.swift in Sources */ = {isa = PBXBuildFile; fileRef = B18B3ECB0067F1A3E7BA7F08 /* ResearchCell.swift */; };
		B18B33637BE1ACF407BD6966 /* UINavigationView+Custom.swift in Sources */ = {isa = PBXBuildFile; fileRef = B18B381FDF965C85E9EE9FB7 /* UINavigationView+Custom.swift */; };
		B18B34FE66DB02160836D9E9 /* TabBarCentralContentView.swift in Sources */ = {isa = PBXBuildFile; fileRef = B18B3D79F3F45047B3212E8E /* TabBarCentralContentView.swift */; };
		B18B35B2D8FF356B204CBA00 /* MainFeed.storyboard in Resources */ = {isa = PBXBuildFile; fileRef = B18B3514AE5FFCB1C0730DCD /* MainFeed.storyboard */; };
		B18B35D251DEB57B72F046D0 /* UICollectionViewCell+Shadow.swift in Sources */ = {isa = PBXBuildFile; fileRef = B18B38EA8AF57E124A1C8445 /* UICollectionViewCell+Shadow.swift */; };
		B18B3665BDDC446B066F23D0 /* ResearchCellViewModel.swift in Sources */ = {isa = PBXBuildFile; fileRef = B18B37A7596D24A528876B35 /* ResearchCellViewModel.swift */; };
		B18B37DB720F3D7FC54FAEC3 /* UIFont+Custom.swift in Sources */ = {isa = PBXBuildFile; fileRef = B18B3CEF49597B85B25402F0 /* UIFont+Custom.swift */; };
		B18B37F09155F8C1606B3D70 /* LabelCellCalculator.swift in Sources */ = {isa = PBXBuildFile; fileRef = B18B3436DE523A8EA59A7B97 /* LabelCellCalculator.swift */; };
		B18B389CED0765AC4CB82A2E /* UIColor+TextColor.swift in Sources */ = {isa = PBXBuildFile; fileRef = B18B33EC6B32EA505CBFB43D /* UIColor+TextColor.swift */; };
		B18B3A634E4A51D37AC8948C /* Backpack-Light.otf in Resources */ = {isa = PBXBuildFile; fileRef = B18B339419865226E87E4C4F /* Backpack-Light.otf */; };
		B18B3B3454EE5AF1630722B4 /* ViewModel.swift in Sources */ = {isa = PBXBuildFile; fileRef = B18B368D8A120879BA2B9ADB /* ViewModel.swift */; };
		B18B3B594B91D29CC8CBD1E8 /* Backpack-Regular.otf in Resources */ = {isa = PBXBuildFile; fileRef = B18B31F1F891FEA5C6038C12 /* Backpack-Regular.otf */; };
		B18B3B796D03DA550DEA3184 /* LTView.swift in Sources */ = {isa = PBXBuildFile; fileRef = B18B349252AAD9FE34D1F3C6 /* LTView.swift */; };
		B18B3B7E00A6899CD4908BB8 /* ProductCell.swift in Sources */ = {isa = PBXBuildFile; fileRef = B18B3498C6272A65D4B1F2EB /* ProductCell.swift */; };
		B18B3DC41F90324FC7796FAF /* ProductCellViewModel.swift in Sources */ = {isa = PBXBuildFile; fileRef = B18B3B76FDE58F6166EE33F2 /* ProductCellViewModel.swift */; };
		B18B3E33E83A802720D0A1E9 /* TabBarBasicContentView.swift in Sources */ = {isa = PBXBuildFile; fileRef = B18B3D754E1CFF47F5E53AC6 /* TabBarBasicContentView.swift */; };
		B18B3F3D7142C03938A9ADB9 /* AppRouter.swift in Sources */ = {isa = PBXBuildFile; fileRef = B18B3115CCC49D47A9A39F14 /* AppRouter.swift */; };
		B18B3F3DE5DAEC0E5BB18FC1 /* UIColor+ApplicationPalette.swift in Sources */ = {isa = PBXBuildFile; fileRef = B18B3072F541D6FEFD4ED429 /* UIColor+ApplicationPalette.swift */; };
		B4BECCC574B2D1D0AC4A593B /* Pods_roskachestvo_iosTests.framework in Frameworks */ = {isa = PBXBuildFile; fileRef = F9DEF8405CF471BF6D746750 /* Pods_roskachestvo_iosTests.framework */; };
		B95EF56D62BAEDCE40F2AD00 /* MainFeedInteractor.swift in Sources */ = {isa = PBXBuildFile; fileRef = 74D67CD9641DAEBCB258F09A /* MainFeedInteractor.swift */; };
		C2E250474AA89326E226EDE8 /* ProductDetailsConfigurator.swift in Sources */ = {isa = PBXBuildFile; fileRef = 9F826D4D2D48D616348D7873 /* ProductDetailsConfigurator.swift */; };
		C69F75E3A8AB6BFD29F5733D /* ProductDetailsCell.swift in Sources */ = {isa = PBXBuildFile; fileRef = 6029365525EE06FBE9C23480 /* ProductDetailsCell.swift */; };
		C6F6EF1CB1BD504362288995 /* ResearchDetailsInteractor.swift in Sources */ = {isa = PBXBuildFile; fileRef = 5209915CCCA0231FCF2D9CA1 /* ResearchDetailsInteractor.swift */; };
		C8DFF175B1BDE28532115A2E /* ResearchDetailsSectionViewModel.swift in Sources */ = {isa = PBXBuildFile; fileRef = 8AD4B465CE6EBF2127CFDC5C /* ResearchDetailsSectionViewModel.swift */; };
		CC71308F77D56B4C5F7F7DC0 /* CategoriesPlainObject.swift in Sources */ = {isa = PBXBuildFile; fileRef = CC713A2315538AA9CB8D54F3 /* CategoriesPlainObject.swift */; };
		CC713149270222D5D9F472E7 /* ResearchStatisticPlainObject.swift in Sources */ = {isa = PBXBuildFile; fileRef = CC713809D8CAF2FE16D15A9F /* ResearchStatisticPlainObject.swift */; };
		CC7132588690BE128E38A6D6 /* SearchProductPlainObject.swift in Sources */ = {isa = PBXBuildFile; fileRef = CC713CC88B3AC7552DEC76A4 /* SearchProductPlainObject.swift */; };
		CC71364B65300831B290F09E /* ErrorPlainObject.swift in Sources */ = {isa = PBXBuildFile; fileRef = CC713FE306322B691A94C4EB /* ErrorPlainObject.swift */; };
		CC71373A33ECEDD5A5F47A64 /* ResearchNetworkService.swift in Sources */ = {isa = PBXBuildFile; fileRef = CC713AB796C750B48AD30487 /* ResearchNetworkService.swift */; };
		CC71376D098C9D2F477A566D /* CategoryPlainObject.swift in Sources */ = {isa = PBXBuildFile; fileRef = CC7137D266EB7282AED63C12 /* CategoryPlainObject.swift */; };
		CC713773B76414C0E19BB876 /* ResearchesPlainObject.swift in Sources */ = {isa = PBXBuildFile; fileRef = CC7137259A7E48397320B81F /* ResearchesPlainObject.swift */; };
		CC7137E52687B685336BDC2A /* ServiceAssemblies.swift in Sources */ = {isa = PBXBuildFile; fileRef = CC71330A5594EA3E9A3D28C8 /* ServiceAssemblies.swift */; };
		CC7138FAD8CFD3CD5E2AF7C0 /* RSKScheduler.swift in Sources */ = {isa = PBXBuildFile; fileRef = CC71345AB3F91806C8225C99 /* RSKScheduler.swift */; };
		CC713A35F214146DCEE8CF59 /* ProductPropertyPlainObject.swift in Sources */ = {isa = PBXBuildFile; fileRef = CC713209B8B392FCB098E07C /* ProductPropertyPlainObject.swift */; };
		CC713B249A64712CCC15D7B3 /* ImagePlainObject.swift in Sources */ = {isa = PBXBuildFile; fileRef = CC7137B0F114BDEC6AAF19E7 /* ImagePlainObject.swift */; };
		CC713C018957903762DF9461 /* ProductsPlainObject.swift in Sources */ = {isa = PBXBuildFile; fileRef = CC713267430A147B872F1DF4 /* ProductsPlainObject.swift */; };
		CC713C4082EE25973CFF818D /* RoskachestvoAPI.swift in Sources */ = {isa = PBXBuildFile; fileRef = CC713B6149A06CC3C990B8F7 /* RoskachestvoAPI.swift */; };
		CC713CCDB87F82C93EA028D4 /* ProductIndicatorPlainObject.swift in Sources */ = {isa = PBXBuildFile; fileRef = CC713B756FECEA970A936CA9 /* ProductIndicatorPlainObject.swift */; };
		CC713D130D0012258CEAC57D /* ProductPlainObject.swift in Sources */ = {isa = PBXBuildFile; fileRef = CC713881A538BF70E11678BD /* ProductPlainObject.swift */; };
		CC713D900EC040E40A1CF968 /* NetworkClient.swift in Sources */ = {isa = PBXBuildFile; fileRef = CC7135D68B17D96CE48369D5 /* NetworkClient.swift */; };
		CC713DCBCCFCB1BE64718362 /* MainAssembler.swift in Sources */ = {isa = PBXBuildFile; fileRef = CC713C3851F82DF0A7714605 /* MainAssembler.swift */; };
		CC713DCECBCD98A67E32D716 /* MoyaNetworkClient.swift in Sources */ = {isa = PBXBuildFile; fileRef = CC7136AE82257C4B5BD831C2 /* MoyaNetworkClient.swift */; };
		CC713DFEBA9170CACF2EAA02 /* ResearchPlainObject.swift in Sources */ = {isa = PBXBuildFile; fileRef = CC71331BB593EBAC1F7373F2 /* ResearchPlainObject.swift */; };
		CC713E9C8523888BE996DECB /* ProductType.swift in Sources */ = {isa = PBXBuildFile; fileRef = CC7139685CC97FB3435304FA /* ProductType.swift */; };
		CC713F69D686FCBD9E64ADCF /* NetworkAssembly.swift in Sources */ = {isa = PBXBuildFile; fileRef = CC71317B73A271C900BFDA07 /* NetworkAssembly.swift */; };
		DD3E38AD6FB561BB4E94CDF0 /* ResearchDetailsViewOutput.swift in Sources */ = {isa = PBXBuildFile; fileRef = 9F7746612F4DC0E485DA2765 /* ResearchDetailsViewOutput.swift */; };
		DE25EF932099BF1B8BF26AC8 /* ProductDetailsPresenter.swift in Sources */ = {isa = PBXBuildFile; fileRef = 88D3E2EC1116ECE6B4BBAD18 /* ProductDetailsPresenter.swift */; };
		E4E6B6A907471A3C921FB4C5 /* ResearchDetailsCellViewModel.swift in Sources */ = {isa = PBXBuildFile; fileRef = 0D1664F06F194C1C21B1913B /* ResearchDetailsCellViewModel.swift */; };
		E5C74B50E740C06A70DE8830 /* ResearchDetailsRouterInput.swift in Sources */ = {isa = PBXBuildFile; fileRef = 8CF453211E9F6205A1469856 /* ResearchDetailsRouterInput.swift */; };
		E83726510CE542F9D680CD99 /* ProductDetailsSectionViewModel.swift in Sources */ = {isa = PBXBuildFile; fileRef = D23A54E42A7C71E590B1E994 /* ProductDetailsSectionViewModel.swift */; };
		E84E73B266FC7FBBD9840E4F /* ProductDetailsDataDisplayManager.swift in Sources */ = {isa = PBXBuildFile; fileRef = 108DD6E2ACA5BEA0E7B64587 /* ProductDetailsDataDisplayManager.swift */; };
		EDA78500145622C9C19B1A99 /* ProductDetailsInitializer.swift in Sources */ = {isa = PBXBuildFile; fileRef = FC3898FC0A25B168DAA8727D /* ProductDetailsInitializer.swift */; };
		F10943F06B3D6C642F95E8A8 /* ResearchDetailsViewController.swift in Sources */ = {isa = PBXBuildFile; fileRef = AE1A28BD67F6B5BA88DEA5EF /* ResearchDetailsViewController.swift */; };
		F5BB400A64D2199673773835 /* MainFeedSectionController.swift in Sources */ = {isa = PBXBuildFile; fileRef = 54791F194ED3466A6BAA5929 /* MainFeedSectionController.swift */; };
		F8D389909685059C6374CA46 /* Pods_roskachestvo_ios.framework in Frameworks */ = {isa = PBXBuildFile; fileRef = 959B803F68DB8D2CCFCB03E9 /* Pods_roskachestvo_ios.framework */; };
/* End PBXBuildFile section */

/* Begin PBXContainerItemProxy section */
		29ADDAA02201A3850013F5E6 /* PBXContainerItemProxy */ = {
			isa = PBXContainerItemProxy;
			containerPortal = 29ADDA832201A3830013F5E6 /* Project object */;
			proxyType = 1;
			remoteGlobalIDString = 29ADDA8A2201A3830013F5E6;
			remoteInfo = "roskachestvo-ios";
		};
/* End PBXContainerItemProxy section */

/* Begin PBXFileReference section */
		0B13DE74A005F69D7C761B26 /* Pods-roskachestvo-ios.debug.xcconfig */ = {isa = PBXFileReference; includeInIndex = 1; lastKnownFileType = text.xcconfig; name = "Pods-roskachestvo-ios.debug.xcconfig"; path = "Pods/Target Support Files/Pods-roskachestvo-ios/Pods-roskachestvo-ios.debug.xcconfig"; sourceTree = "<group>"; };
		0CFCB91AFDF980CF05103B59 /* ProductDetailsInteractorOutput.swift */ = {isa = PBXFileReference; includeInIndex = 1; lastKnownFileType = sourcecode.swift; path = ProductDetailsInteractorOutput.swift; sourceTree = "<group>"; };
		0D1664F06F194C1C21B1913B /* ResearchDetailsCellViewModel.swift */ = {isa = PBXFileReference; includeInIndex = 1; lastKnownFileType = sourcecode.swift; path = ResearchDetailsCellViewModel.swift; sourceTree = "<group>"; };
		108DD6E2ACA5BEA0E7B64587 /* ProductDetailsDataDisplayManager.swift */ = {isa = PBXFileReference; includeInIndex = 1; lastKnownFileType = sourcecode.swift; path = ProductDetailsDataDisplayManager.swift; sourceTree = "<group>"; };
		15F5258BDD210BDBE879DA71 /* ResearchDetailsModuleOutput.swift */ = {isa = PBXFileReference; includeInIndex = 1; lastKnownFileType = sourcecode.swift; path = ResearchDetailsModuleOutput.swift; sourceTree = "<group>"; };
		1E5076ADEA2B865C390A7E45 /* ProductDetailsViewOutput.swift */ = {isa = PBXFileReference; includeInIndex = 1; lastKnownFileType = sourcecode.swift; path = ProductDetailsViewOutput.swift; sourceTree = "<group>"; };
		274734367C189FFF4C0C84AE /* ResearchDetailsCell.swift */ = {isa = PBXFileReference; includeInIndex = 1; lastKnownFileType = sourcecode.swift; path = ResearchDetailsCell.swift; sourceTree = "<group>"; };
		2946539C221973B9005DF4D4 /* ResearchDetails.storyboard */ = {isa = PBXFileReference; fileEncoding = 4; lastKnownFileType = file.storyboard; path = ResearchDetails.storyboard; sourceTree = "<group>"; };
		294EFFD122101B61005F197B /* R.generated.swift */ = {isa = PBXFileReference; fileEncoding = 4; lastKnownFileType = sourcecode.swift; path = R.generated.swift; sourceTree = "<group>"; };
		294EFFD4221027F0005F197B /* Color.xcassets */ = {isa = PBXFileReference; lastKnownFileType = folder.assetcatalog; path = Color.xcassets; sourceTree = "<group>"; };
		29ADDA8B2201A3830013F5E6 /* roskachestvo-ios.app */ = {isa = PBXFileReference; explicitFileType = wrapper.application; includeInIndex = 0; path = "roskachestvo-ios.app"; sourceTree = BUILT_PRODUCTS_DIR; };
		29ADDA9F2201A3850013F5E6 /* roskachestvo-iosTests.xctest */ = {isa = PBXFileReference; explicitFileType = wrapper.cfbundle; includeInIndex = 0; path = "roskachestvo-iosTests.xctest"; sourceTree = BUILT_PRODUCTS_DIR; };
		29ADDAA32201A3850013F5E6 /* roskachestvo_iosTests.swift */ = {isa = PBXFileReference; lastKnownFileType = sourcecode.swift; path = roskachestvo_iosTests.swift; sourceTree = "<group>"; };
		29ADDAA52201A3850013F5E6 /* Info.plist */ = {isa = PBXFileReference; lastKnownFileType = text.plist.xml; path = Info.plist; sourceTree = "<group>"; };
		2EA1B12107EA2EE1BD1116FD /* ProductDetailsViewInput.swift */ = {isa = PBXFileReference; includeInIndex = 1; lastKnownFileType = sourcecode.swift; path = ProductDetailsViewInput.swift; sourceTree = "<group>"; };
		3022F528246E2FEBA3B1C728 /* MainFeedSectionViewModel.swift */ = {isa = PBXFileReference; includeInIndex = 1; lastKnownFileType = sourcecode.swift; path = MainFeedSectionViewModel.swift; sourceTree = "<group>"; };
		37D1F42100A93B30CE567F63 /* ResearchDetailsRouter.swift */ = {isa = PBXFileReference; includeInIndex = 1; lastKnownFileType = sourcecode.swift; path = ResearchDetailsRouter.swift; sourceTree = "<group>"; };
		37DB079149356990F5410D1F /* ResearchDetailsSectionController.swift */ = {isa = PBXFileReference; includeInIndex = 1; lastKnownFileType = sourcecode.swift; path = ResearchDetailsSectionController.swift; sourceTree = "<group>"; };
		3AE41CD35DA2F2B71E0846CD /* MainFeedInteractorOutput.swift */ = {isa = PBXFileReference; includeInIndex = 1; lastKnownFileType = sourcecode.swift; path = MainFeedInteractorOutput.swift; sourceTree = "<group>"; };
		48A8A20468B5B7E48A5C2CC8 /* MainFeedPresenter.swift */ = {isa = PBXFileReference; includeInIndex = 1; lastKnownFileType = sourcecode.swift; path = MainFeedPresenter.swift; sourceTree = "<group>"; };
		5209915CCCA0231FCF2D9CA1 /* ResearchDetailsInteractor.swift */ = {isa = PBXFileReference; includeInIndex = 1; lastKnownFileType = sourcecode.swift; path = ResearchDetailsInteractor.swift; sourceTree = "<group>"; };
		54791F194ED3466A6BAA5929 /* MainFeedSectionController.swift */ = {isa = PBXFileReference; includeInIndex = 1; lastKnownFileType = sourcecode.swift; path = MainFeedSectionController.swift; sourceTree = "<group>"; };
		58BAB5F62A6DE2CDE336B4E0 /* MainFeedViewInput.swift */ = {isa = PBXFileReference; includeInIndex = 1; lastKnownFileType = sourcecode.swift; path = MainFeedViewInput.swift; sourceTree = "<group>"; };
		58D3CF3B6C6D77CECE1AA477 /* ProductDetailsCellViewModel.swift */ = {isa = PBXFileReference; includeInIndex = 1; lastKnownFileType = sourcecode.swift; path = ProductDetailsCellViewModel.swift; sourceTree = "<group>"; };
		5B9459F59D34E2C281B09AA7 /* MainFeedInteractorInput.swift */ = {isa = PBXFileReference; includeInIndex = 1; lastKnownFileType = sourcecode.swift; path = MainFeedInteractorInput.swift; sourceTree = "<group>"; };
		5D8DA51915CF9862F9B25395 /* MainFeedRouterInput.swift */ = {isa = PBXFileReference; includeInIndex = 1; lastKnownFileType = sourcecode.swift; path = MainFeedRouterInput.swift; sourceTree = "<group>"; };
		6029365525EE06FBE9C23480 /* ProductDetailsCell.swift */ = {isa = PBXFileReference; includeInIndex = 1; lastKnownFileType = sourcecode.swift; path = ProductDetailsCell.swift; sourceTree = "<group>"; };
		69E4D7A5D9D8C256A585934D /* ProductDetailsModuleInput.swift */ = {isa = PBXFileReference; includeInIndex = 1; lastKnownFileType = sourcecode.swift; path = ProductDetailsModuleInput.swift; sourceTree = "<group>"; };
		6B040D942952807E8C2A97C8 /* ProductDetailsViewController.swift */ = {isa = PBXFileReference; includeInIndex = 1; lastKnownFileType = sourcecode.swift; path = ProductDetailsViewController.swift; sourceTree = "<group>"; };
		6C2E7B6F2B8FAE1ECD762C22 /* ResearchDetailsModuleInput.swift */ = {isa = PBXFileReference; includeInIndex = 1; lastKnownFileType = sourcecode.swift; path = ResearchDetailsModuleInput.swift; sourceTree = "<group>"; };
		70408DA4DAAB94660EF871BB /* MainFeedModuleOutput.swift */ = {isa = PBXFileReference; includeInIndex = 1; lastKnownFileType = sourcecode.swift; path = MainFeedModuleOutput.swift; sourceTree = "<group>"; };
		74D67CD9641DAEBCB258F09A /* MainFeedInteractor.swift */ = {isa = PBXFileReference; includeInIndex = 1; lastKnownFileType = sourcecode.swift; path = MainFeedInteractor.swift; sourceTree = "<group>"; };
		84D1B5F18471003C5A4F77DB /* MainFeedDataDisplayManager.swift */ = {isa = PBXFileReference; includeInIndex = 1; lastKnownFileType = sourcecode.swift; path = MainFeedDataDisplayManager.swift; sourceTree = "<group>"; };
		858B53570581BE71DC125BAC /* MainFeedModuleInput.swift */ = {isa = PBXFileReference; includeInIndex = 1; lastKnownFileType = sourcecode.swift; path = MainFeedModuleInput.swift; sourceTree = "<group>"; };
		85990B3B165E5DAA252CDAF9 /* ProductDetailsModuleOutput.swift */ = {isa = PBXFileReference; includeInIndex = 1; lastKnownFileType = sourcecode.swift; path = ProductDetailsModuleOutput.swift; sourceTree = "<group>"; };
		85D5D9B69E52CEA9A619FC6D /* ResearchDetailsDataDisplayManager.swift */ = {isa = PBXFileReference; includeInIndex = 1; lastKnownFileType = sourcecode.swift; path = ResearchDetailsDataDisplayManager.swift; sourceTree = "<group>"; };
		88D3E2EC1116ECE6B4BBAD18 /* ProductDetailsPresenter.swift */ = {isa = PBXFileReference; includeInIndex = 1; lastKnownFileType = sourcecode.swift; path = ProductDetailsPresenter.swift; sourceTree = "<group>"; };
		8AD4B465CE6EBF2127CFDC5C /* ResearchDetailsSectionViewModel.swift */ = {isa = PBXFileReference; includeInIndex = 1; lastKnownFileType = sourcecode.swift; path = ResearchDetailsSectionViewModel.swift; sourceTree = "<group>"; };
		8CB9FE9E46333E1C20007CC0 /* ResearchDetailsInitializer.swift */ = {isa = PBXFileReference; includeInIndex = 1; lastKnownFileType = sourcecode.swift; path = ResearchDetailsInitializer.swift; sourceTree = "<group>"; };
		8CF453211E9F6205A1469856 /* ResearchDetailsRouterInput.swift */ = {isa = PBXFileReference; includeInIndex = 1; lastKnownFileType = sourcecode.swift; path = ResearchDetailsRouterInput.swift; sourceTree = "<group>"; };
		959B803F68DB8D2CCFCB03E9 /* Pods_roskachestvo_ios.framework */ = {isa = PBXFileReference; explicitFileType = wrapper.framework; includeInIndex = 0; path = Pods_roskachestvo_ios.framework; sourceTree = BUILT_PRODUCTS_DIR; };
		9F7746612F4DC0E485DA2765 /* ResearchDetailsViewOutput.swift */ = {isa = PBXFileReference; includeInIndex = 1; lastKnownFileType = sourcecode.swift; path = ResearchDetailsViewOutput.swift; sourceTree = "<group>"; };
		9F826D4D2D48D616348D7873 /* ProductDetailsConfigurator.swift */ = {isa = PBXFileReference; includeInIndex = 1; lastKnownFileType = sourcecode.swift; path = ProductDetailsConfigurator.swift; sourceTree = "<group>"; };
		AAD25FB90CC3F9EC228524C5 /* MainFeedViewController.swift */ = {isa = PBXFileReference; includeInIndex = 1; lastKnownFileType = sourcecode.swift; path = MainFeedViewController.swift; sourceTree = "<group>"; };
		AAF1E9A2F6551A8B7330A5B1 /* ProductDetailsRouter.swift */ = {isa = PBXFileReference; includeInIndex = 1; lastKnownFileType = sourcecode.swift; path = ProductDetailsRouter.swift; sourceTree = "<group>"; };
		ABF4BAC2715046A73DA1724A /* Pods-roskachestvo-ios.release.xcconfig */ = {isa = PBXFileReference; includeInIndex = 1; lastKnownFileType = text.xcconfig; name = "Pods-roskachestvo-ios.release.xcconfig"; path = "Pods/Target Support Files/Pods-roskachestvo-ios/Pods-roskachestvo-ios.release.xcconfig"; sourceTree = "<group>"; };
		AE1A28BD67F6B5BA88DEA5EF /* ResearchDetailsViewController.swift */ = {isa = PBXFileReference; includeInIndex = 1; lastKnownFileType = sourcecode.swift; path = ResearchDetailsViewController.swift; sourceTree = "<group>"; };
		B18B3072F541D6FEFD4ED429 /* UIColor+ApplicationPalette.swift */ = {isa = PBXFileReference; fileEncoding = 4; lastKnownFileType = sourcecode.swift; path = "UIColor+ApplicationPalette.swift"; sourceTree = "<group>"; };
		B18B3115CCC49D47A9A39F14 /* AppRouter.swift */ = {isa = PBXFileReference; fileEncoding = 4; lastKnownFileType = sourcecode.swift; path = AppRouter.swift; sourceTree = "<group>"; };
		B18B31F1F891FEA5C6038C12 /* Backpack-Regular.otf */ = {isa = PBXFileReference; lastKnownFileType = file.otf; path = "Backpack-Regular.otf"; sourceTree = "<group>"; };
		B18B3349F8E3BC1D10EDA206 /* Assets.xcassets */ = {isa = PBXFileReference; lastKnownFileType = folder.assetcatalog; path = Assets.xcassets; sourceTree = "<group>"; };
		B18B334BD74DF4BE40E965E6 /* ProximaNovaBold.otf */ = {isa = PBXFileReference; lastKnownFileType = file.otf; path = ProximaNovaBold.otf; sourceTree = "<group>"; };
		B18B339419865226E87E4C4F /* Backpack-Light.otf */ = {isa = PBXFileReference; lastKnownFileType = file.otf; path = "Backpack-Light.otf"; sourceTree = "<group>"; };
		B18B33EC6B32EA505CBFB43D /* UIColor+TextColor.swift */ = {isa = PBXFileReference; fileEncoding = 4; lastKnownFileType = sourcecode.swift; path = "UIColor+TextColor.swift"; sourceTree = "<group>"; };
		B18B3436DE523A8EA59A7B97 /* LabelCellCalculator.swift */ = {isa = PBXFileReference; fileEncoding = 4; lastKnownFileType = sourcecode.swift; path = LabelCellCalculator.swift; sourceTree = "<group>"; };
		B18B349252AAD9FE34D1F3C6 /* LTView.swift */ = {isa = PBXFileReference; fileEncoding = 4; lastKnownFileType = sourcecode.swift; path = LTView.swift; sourceTree = "<group>"; };
		B18B3498C6272A65D4B1F2EB /* ProductCell.swift */ = {isa = PBXFileReference; fileEncoding = 4; lastKnownFileType = sourcecode.swift; path = ProductCell.swift; sourceTree = "<group>"; };
		B18B3514AE5FFCB1C0730DCD /* MainFeed.storyboard */ = {isa = PBXFileReference; lastKnownFileType = file.storyboard; path = MainFeed.storyboard; sourceTree = "<group>"; };
		B18B35A8DA64620F2ECFD68C /* Backpack-Bold.otf */ = {isa = PBXFileReference; lastKnownFileType = file.otf; path = "Backpack-Bold.otf"; sourceTree = "<group>"; };
		B18B368D8A120879BA2B9ADB /* ViewModel.swift */ = {isa = PBXFileReference; fileEncoding = 4; lastKnownFileType = sourcecode.swift; path = ViewModel.swift; sourceTree = "<group>"; };
		B18B37A7596D24A528876B35 /* ResearchCellViewModel.swift */ = {isa = PBXFileReference; fileEncoding = 4; lastKnownFileType = sourcecode.swift; path = ResearchCellViewModel.swift; sourceTree = "<group>"; };
		B18B3817B34669B63C9C7D16 /* ProductDetails.storyboard */ = {isa = PBXFileReference; lastKnownFileType = file.storyboard; path = ProductDetails.storyboard; sourceTree = "<group>"; };
		B18B381FDF965C85E9EE9FB7 /* UINavigationView+Custom.swift */ = {isa = PBXFileReference; fileEncoding = 4; lastKnownFileType = sourcecode.swift; path = "UINavigationView+Custom.swift"; sourceTree = "<group>"; };
		B18B38EA8AF57E124A1C8445 /* UICollectionViewCell+Shadow.swift */ = {isa = PBXFileReference; fileEncoding = 4; lastKnownFileType = sourcecode.swift; path = "UICollectionViewCell+Shadow.swift"; sourceTree = "<group>"; };
		B18B3AA17DE0A14F0D3BA928 /* LaunchScreen.storyboard */ = {isa = PBXFileReference; lastKnownFileType = file.storyboard; path = LaunchScreen.storyboard; sourceTree = "<group>"; };
		B18B3B0EAF1998B339C6587C /* Info.plist */ = {isa = PBXFileReference; fileEncoding = 4; lastKnownFileType = text.plist.info; path = Info.plist; sourceTree = "<group>"; };
		B18B3B76FDE58F6166EE33F2 /* ProductCellViewModel.swift */ = {isa = PBXFileReference; fileEncoding = 4; lastKnownFileType = sourcecode.swift; path = ProductCellViewModel.swift; sourceTree = "<group>"; };
		B18B3CB3176704F66A9B9855 /* AppDelegate.swift */ = {isa = PBXFileReference; fileEncoding = 4; lastKnownFileType = sourcecode.swift; path = AppDelegate.swift; sourceTree = "<group>"; };
		B18B3CEF49597B85B25402F0 /* UIFont+Custom.swift */ = {isa = PBXFileReference; fileEncoding = 4; lastKnownFileType = sourcecode.swift; path = "UIFont+Custom.swift"; sourceTree = "<group>"; };
		B18B3D754E1CFF47F5E53AC6 /* TabBarBasicContentView.swift */ = {isa = PBXFileReference; fileEncoding = 4; lastKnownFileType = sourcecode.swift; path = TabBarBasicContentView.swift; sourceTree = "<group>"; };
		B18B3D79F3F45047B3212E8E /* TabBarCentralContentView.swift */ = {isa = PBXFileReference; fileEncoding = 4; lastKnownFileType = sourcecode.swift; path = TabBarCentralContentView.swift; sourceTree = "<group>"; };
		B18B3EAF2059516C6D4FDD20 /* Main.storyboard */ = {isa = PBXFileReference; lastKnownFileType = file.storyboard; path = Main.storyboard; sourceTree = "<group>"; };
		B18B3ECB0067F1A3E7BA7F08 /* ResearchCell.swift */ = {isa = PBXFileReference; fileEncoding = 4; lastKnownFileType = sourcecode.swift; path = ResearchCell.swift; sourceTree = "<group>"; };
		B4084AA9119489BDFC38A00F /* ProductDetailsSectionController.swift */ = {isa = PBXFileReference; includeInIndex = 1; lastKnownFileType = sourcecode.swift; path = ProductDetailsSectionController.swift; sourceTree = "<group>"; };
		B4B9C46480AFE7B4580D99E9 /* Pods-roskachestvo-iosTests.release.xcconfig */ = {isa = PBXFileReference; includeInIndex = 1; lastKnownFileType = text.xcconfig; name = "Pods-roskachestvo-iosTests.release.xcconfig"; path = "Pods/Target Support Files/Pods-roskachestvo-iosTests/Pods-roskachestvo-iosTests.release.xcconfig"; sourceTree = "<group>"; };
		B569826C81DB6F92B4F231EF /* MainFeedCellViewModel.swift */ = {isa = PBXFileReference; includeInIndex = 1; lastKnownFileType = sourcecode.swift; path = MainFeedCellViewModel.swift; sourceTree = "<group>"; };
		BB3E44FBDF588E2839B1993A /* Pods-roskachestvo-iosTests.debug.xcconfig */ = {isa = PBXFileReference; includeInIndex = 1; lastKnownFileType = text.xcconfig; name = "Pods-roskachestvo-iosTests.debug.xcconfig"; path = "Pods/Target Support Files/Pods-roskachestvo-iosTests/Pods-roskachestvo-iosTests.debug.xcconfig"; sourceTree = "<group>"; };
		BEFE78201C22D1FF8E7DECC5 /* ProductDetailsRouterInput.swift */ = {isa = PBXFileReference; includeInIndex = 1; lastKnownFileType = sourcecode.swift; path = ProductDetailsRouterInput.swift; sourceTree = "<group>"; };
		C9BA003244F3A847D9C5F856 /* MainFeedViewOutput.swift */ = {isa = PBXFileReference; includeInIndex = 1; lastKnownFileType = sourcecode.swift; path = MainFeedViewOutput.swift; sourceTree = "<group>"; };
		CBA5FE13FE72FD3992B14C45 /* ProductDetailsInteractor.swift */ = {isa = PBXFileReference; includeInIndex = 1; lastKnownFileType = sourcecode.swift; path = ProductDetailsInteractor.swift; sourceTree = "<group>"; };
		CC71317B73A271C900BFDA07 /* NetworkAssembly.swift */ = {isa = PBXFileReference; fileEncoding = 4; lastKnownFileType = sourcecode.swift; path = NetworkAssembly.swift; sourceTree = "<group>"; };
		CC713209B8B392FCB098E07C /* ProductPropertyPlainObject.swift */ = {isa = PBXFileReference; fileEncoding = 4; lastKnownFileType = sourcecode.swift; path = ProductPropertyPlainObject.swift; sourceTree = "<group>"; };
		CC713267430A147B872F1DF4 /* ProductsPlainObject.swift */ = {isa = PBXFileReference; fileEncoding = 4; lastKnownFileType = sourcecode.swift; path = ProductsPlainObject.swift; sourceTree = "<group>"; };
		CC71330A5594EA3E9A3D28C8 /* ServiceAssemblies.swift */ = {isa = PBXFileReference; fileEncoding = 4; lastKnownFileType = sourcecode.swift; path = ServiceAssemblies.swift; sourceTree = "<group>"; };
		CC71331BB593EBAC1F7373F2 /* ResearchPlainObject.swift */ = {isa = PBXFileReference; fileEncoding = 4; lastKnownFileType = sourcecode.swift; path = ResearchPlainObject.swift; sourceTree = "<group>"; };
		CC71345AB3F91806C8225C99 /* RSKScheduler.swift */ = {isa = PBXFileReference; fileEncoding = 4; lastKnownFileType = sourcecode.swift; path = RSKScheduler.swift; sourceTree = "<group>"; };
		CC7135D68B17D96CE48369D5 /* NetworkClient.swift */ = {isa = PBXFileReference; fileEncoding = 4; lastKnownFileType = sourcecode.swift; path = NetworkClient.swift; sourceTree = "<group>"; };
		CC7136AE82257C4B5BD831C2 /* MoyaNetworkClient.swift */ = {isa = PBXFileReference; fileEncoding = 4; lastKnownFileType = sourcecode.swift; path = MoyaNetworkClient.swift; sourceTree = "<group>"; };
		CC7137259A7E48397320B81F /* ResearchesPlainObject.swift */ = {isa = PBXFileReference; fileEncoding = 4; lastKnownFileType = sourcecode.swift; path = ResearchesPlainObject.swift; sourceTree = "<group>"; };
		CC7137B0F114BDEC6AAF19E7 /* ImagePlainObject.swift */ = {isa = PBXFileReference; fileEncoding = 4; lastKnownFileType = sourcecode.swift; path = ImagePlainObject.swift; sourceTree = "<group>"; };
		CC7137D266EB7282AED63C12 /* CategoryPlainObject.swift */ = {isa = PBXFileReference; fileEncoding = 4; lastKnownFileType = sourcecode.swift; path = CategoryPlainObject.swift; sourceTree = "<group>"; };
		CC713809D8CAF2FE16D15A9F /* ResearchStatisticPlainObject.swift */ = {isa = PBXFileReference; fileEncoding = 4; lastKnownFileType = sourcecode.swift; path = ResearchStatisticPlainObject.swift; sourceTree = "<group>"; };
		CC713881A538BF70E11678BD /* ProductPlainObject.swift */ = {isa = PBXFileReference; fileEncoding = 4; lastKnownFileType = sourcecode.swift; path = ProductPlainObject.swift; sourceTree = "<group>"; };
		CC7139685CC97FB3435304FA /* ProductType.swift */ = {isa = PBXFileReference; fileEncoding = 4; lastKnownFileType = sourcecode.swift; path = ProductType.swift; sourceTree = "<group>"; };
		CC713A2315538AA9CB8D54F3 /* CategoriesPlainObject.swift */ = {isa = PBXFileReference; fileEncoding = 4; lastKnownFileType = sourcecode.swift; path = CategoriesPlainObject.swift; sourceTree = "<group>"; };
		CC713AB796C750B48AD30487 /* ResearchNetworkService.swift */ = {isa = PBXFileReference; fileEncoding = 4; lastKnownFileType = sourcecode.swift; path = ResearchNetworkService.swift; sourceTree = "<group>"; };
		CC713B6149A06CC3C990B8F7 /* RoskachestvoAPI.swift */ = {isa = PBXFileReference; fileEncoding = 4; lastKnownFileType = sourcecode.swift; path = RoskachestvoAPI.swift; sourceTree = "<group>"; };
		CC713B756FECEA970A936CA9 /* ProductIndicatorPlainObject.swift */ = {isa = PBXFileReference; fileEncoding = 4; lastKnownFileType = sourcecode.swift; path = ProductIndicatorPlainObject.swift; sourceTree = "<group>"; };
		CC713C3851F82DF0A7714605 /* MainAssembler.swift */ = {isa = PBXFileReference; fileEncoding = 4; lastKnownFileType = sourcecode.swift; path = MainAssembler.swift; sourceTree = "<group>"; };
		CC713CC88B3AC7552DEC76A4 /* SearchProductPlainObject.swift */ = {isa = PBXFileReference; fileEncoding = 4; lastKnownFileType = sourcecode.swift; path = SearchProductPlainObject.swift; sourceTree = "<group>"; };
		CC713FE306322B691A94C4EB /* ErrorPlainObject.swift */ = {isa = PBXFileReference; fileEncoding = 4; lastKnownFileType = sourcecode.swift; path = ErrorPlainObject.swift; sourceTree = "<group>"; };
		D23A54E42A7C71E590B1E994 /* ProductDetailsSectionViewModel.swift */ = {isa = PBXFileReference; includeInIndex = 1; lastKnownFileType = sourcecode.swift; path = ProductDetailsSectionViewModel.swift; sourceTree = "<group>"; };
		D3E222BD6C608C9C1D49F997 /* ResearchDetailsInteractorInput.swift */ = {isa = PBXFileReference; includeInIndex = 1; lastKnownFileType = sourcecode.swift; path = ResearchDetailsInteractorInput.swift; sourceTree = "<group>"; };
		DD0AD0E99C70CFD706426612 /* MainFeedInitializer.swift */ = {isa = PBXFileReference; includeInIndex = 1; lastKnownFileType = sourcecode.swift; path = MainFeedInitializer.swift; sourceTree = "<group>"; };
		DE8D489EC2CEC59B75EC2317 /* MainFeedCell.swift */ = {isa = PBXFileReference; includeInIndex = 1; lastKnownFileType = sourcecode.swift; path = MainFeedCell.swift; sourceTree = "<group>"; };
		DF039EB9661C79329EA84CAC /* ResearchDetailsPresenter.swift */ = {isa = PBXFileReference; includeInIndex = 1; lastKnownFileType = sourcecode.swift; path = ResearchDetailsPresenter.swift; sourceTree = "<group>"; };
		DFFF5AF52C258C50F164F71D /* MainFeedRouter.swift */ = {isa = PBXFileReference; includeInIndex = 1; lastKnownFileType = sourcecode.swift; path = MainFeedRouter.swift; sourceTree = "<group>"; };
		E5930E53E14CFC8F802EF4E9 /* ProductDetailsInteractorInput.swift */ = {isa = PBXFileReference; includeInIndex = 1; lastKnownFileType = sourcecode.swift; path = ProductDetailsInteractorInput.swift; sourceTree = "<group>"; };
		E6FEBED8937A3E36BE29EAB2 /* MainFeedConfigurator.swift */ = {isa = PBXFileReference; includeInIndex = 1; lastKnownFileType = sourcecode.swift; path = MainFeedConfigurator.swift; sourceTree = "<group>"; };
		E8AE49944A8C2528F66E3F1C /* ResearchDetailsViewInput.swift */ = {isa = PBXFileReference; includeInIndex = 1; lastKnownFileType = sourcecode.swift; path = ResearchDetailsViewInput.swift; sourceTree = "<group>"; };
		F4F5C7ACFDA9774FD062A59A /* ResearchDetailsConfigurator.swift */ = {isa = PBXFileReference; includeInIndex = 1; lastKnownFileType = sourcecode.swift; path = ResearchDetailsConfigurator.swift; sourceTree = "<group>"; };
		F648EE7A2F51E1F5939CA662 /* ResearchDetailsInteractorOutput.swift */ = {isa = PBXFileReference; includeInIndex = 1; lastKnownFileType = sourcecode.swift; path = ResearchDetailsInteractorOutput.swift; sourceTree = "<group>"; };
		F9DEF8405CF471BF6D746750 /* Pods_roskachestvo_iosTests.framework */ = {isa = PBXFileReference; explicitFileType = wrapper.framework; includeInIndex = 0; path = Pods_roskachestvo_iosTests.framework; sourceTree = BUILT_PRODUCTS_DIR; };
		FC3898FC0A25B168DAA8727D /* ProductDetailsInitializer.swift */ = {isa = PBXFileReference; includeInIndex = 1; lastKnownFileType = sourcecode.swift; path = ProductDetailsInitializer.swift; sourceTree = "<group>"; };
/* End PBXFileReference section */

/* Begin PBXFrameworksBuildPhase section */
		29ADDA882201A3830013F5E6 /* Frameworks */ = {
			isa = PBXFrameworksBuildPhase;
			buildActionMask = 2147483647;
			files = (
				F8D389909685059C6374CA46 /* Pods_roskachestvo_ios.framework in Frameworks */,
			);
			runOnlyForDeploymentPostprocessing = 0;
		};
		29ADDA9C2201A3850013F5E6 /* Frameworks */ = {
			isa = PBXFrameworksBuildPhase;
			buildActionMask = 2147483647;
			files = (
				B4BECCC574B2D1D0AC4A593B /* Pods_roskachestvo_iosTests.framework in Frameworks */,
			);
			runOnlyForDeploymentPostprocessing = 0;
		};
/* End PBXFrameworksBuildPhase section */

/* Begin PBXGroup section */
		038E36BAE0181A06C535AB24 /* Interactor */ = {
			isa = PBXGroup;
			children = (
				D3E222BD6C608C9C1D49F997 /* ResearchDetailsInteractorInput.swift */,
				F648EE7A2F51E1F5939CA662 /* ResearchDetailsInteractorOutput.swift */,
				5209915CCCA0231FCF2D9CA1 /* ResearchDetailsInteractor.swift */,
			);
			path = Interactor;
			sourceTree = "<group>";
		};
		0E9E251C6449D78F4B64F415 /* DataDisplayManagers */ = {
			isa = PBXGroup;
			children = (
				85D5D9B69E52CEA9A619FC6D /* ResearchDetailsDataDisplayManager.swift */,
			);
			path = DataDisplayManagers;
			sourceTree = "<group>";
		};
		1132288F8492764C4F1CC880 /* Presenter */ = {
			isa = PBXGroup;
			children = (
				858B53570581BE71DC125BAC /* MainFeedModuleInput.swift */,
				48A8A20468B5B7E48A5C2CC8 /* MainFeedPresenter.swift */,
				70408DA4DAAB94660EF871BB /* MainFeedModuleOutput.swift */,
			);
			path = Presenter;
			sourceTree = "<group>";
		};
		15E046534678C51CFFBBD9E7 /* Presenter */ = {
			isa = PBXGroup;
			children = (
				6C2E7B6F2B8FAE1ECD762C22 /* ResearchDetailsModuleInput.swift */,
				DF039EB9661C79329EA84CAC /* ResearchDetailsPresenter.swift */,
				15F5258BDD210BDBE879DA71 /* ResearchDetailsModuleOutput.swift */,
			);
			path = Presenter;
			sourceTree = "<group>";
		};
		2622B52AC1B68FD4531EE7F6 /* Interactor */ = {
			isa = PBXGroup;
			children = (
				5B9459F59D34E2C281B09AA7 /* MainFeedInteractorInput.swift */,
				3AE41CD35DA2F2B71E0846CD /* MainFeedInteractorOutput.swift */,
				74D67CD9641DAEBCB258F09A /* MainFeedInteractor.swift */,
			);
			path = Interactor;
			sourceTree = "<group>";
		};
		294EFFD022101B28005F197B /* Rswift */ = {
			isa = PBXGroup;
			children = (
				294EFFD122101B61005F197B /* R.generated.swift */,
			);
			path = Rswift;
			sourceTree = "<group>";
		};
		294EFFD3221027CC005F197B /* Color */ = {
			isa = PBXGroup;
			children = (
				294EFFD4221027F0005F197B /* Color.xcassets */,
			);
			path = Color;
			sourceTree = "<group>";
		};
		2951E55131ADC81C5529ACBB /* Frameworks */ = {
			isa = PBXGroup;
			children = (
				959B803F68DB8D2CCFCB03E9 /* Pods_roskachestvo_ios.framework */,
				F9DEF8405CF471BF6D746750 /* Pods_roskachestvo_iosTests.framework */,
			);
			name = Frameworks;
			sourceTree = "<group>";
		};
		29ADDA822201A3830013F5E6 = {
			isa = PBXGroup;
			children = (
				29ADDA8D2201A3830013F5E6 /* roskachestvo-ios */,
				29ADDAA22201A3850013F5E6 /* roskachestvo-iosTests */,
				29ADDA8C2201A3830013F5E6 /* Products */,
				9D0772C7E59BAD69F40E4BE1 /* Pods */,
				2951E55131ADC81C5529ACBB /* Frameworks */,
			);
			sourceTree = "<group>";
		};
		29ADDA8C2201A3830013F5E6 /* Products */ = {
			isa = PBXGroup;
			children = (
				29ADDA8B2201A3830013F5E6 /* roskachestvo-ios.app */,
				29ADDA9F2201A3850013F5E6 /* roskachestvo-iosTests.xctest */,
			);
			name = Products;
			sourceTree = "<group>";
		};
		29ADDA8D2201A3830013F5E6 /* roskachestvo-ios */ = {
			isa = PBXGroup;
			children = (
				B18B3AE5C79CDD6424012EC0 /* Classes */,
				B18B30A71091130AC7FF12EA /* Resources */,
				B18B3F823E297982F439F961 /* SupportingFiles */,
			);
			path = "roskachestvo-ios";
			sourceTree = "<group>";
		};
		29ADDAA22201A3850013F5E6 /* roskachestvo-iosTests */ = {
			isa = PBXGroup;
			children = (
				29ADDAA32201A3850013F5E6 /* roskachestvo_iosTests.swift */,
				29ADDAA52201A3850013F5E6 /* Info.plist */,
			);
			path = "roskachestvo-iosTests";
			sourceTree = "<group>";
		};
		2D2D9D232DF59EC3AFA9C796 /* Configurator */ = {
			isa = PBXGroup;
			children = (
				F4F5C7ACFDA9774FD062A59A /* ResearchDetailsConfigurator.swift */,
				8CB9FE9E46333E1C20007CC0 /* ResearchDetailsInitializer.swift */,
			);
			path = Configurator;
			sourceTree = "<group>";
		};
		3A69E1C4B2C93EAEC4F6DB33 /* MainFeed */ = {
			isa = PBXGroup;
			children = (
				4DB86F5C6FE7B2ED61BA140D /* View */,
				1132288F8492764C4F1CC880 /* Presenter */,
				2622B52AC1B68FD4531EE7F6 /* Interactor */,
				BEE786B838CFF3772190F856 /* Router */,
				F42E15B2AF9D3A0CB3A16C5F /* Configurator */,
			);
			path = MainFeed;
			sourceTree = "<group>";
		};
		3D72803720C1AC6A62326FD9 /* ResearchDetails */ = {
			isa = PBXGroup;
			children = (
				685B964CFC6B40E9A92B81E6 /* View */,
				15E046534678C51CFFBBD9E7 /* Presenter */,
				038E36BAE0181A06C535AB24 /* Interactor */,
				48DB1F7935CC52E996ED2E31 /* Router */,
				2D2D9D232DF59EC3AFA9C796 /* Configurator */,
			);
			path = ResearchDetails;
			sourceTree = "<group>";
		};
		4406823E4F9AC53DFCD3B19B /* Interactor */ = {
			isa = PBXGroup;
			children = (
				E5930E53E14CFC8F802EF4E9 /* ProductDetailsInteractorInput.swift */,
				0CFCB91AFDF980CF05103B59 /* ProductDetailsInteractorOutput.swift */,
				CBA5FE13FE72FD3992B14C45 /* ProductDetailsInteractor.swift */,
			);
			name = Interactor;
			path = Interactor;
			sourceTree = "<group>";
		};
		48DB1F7935CC52E996ED2E31 /* Router */ = {
			isa = PBXGroup;
			children = (
				8CF453211E9F6205A1469856 /* ResearchDetailsRouterInput.swift */,
				37D1F42100A93B30CE567F63 /* ResearchDetailsRouter.swift */,
			);
			path = Router;
			sourceTree = "<group>";
		};
		490BADA74613B42D03C4E672 /* ProductDetails */ = {
			isa = PBXGroup;
			children = (
				B7DDE001060A111910428F5F /* View */,
				D50E440321DD9DE49CE523EC /* Presenter */,
				4406823E4F9AC53DFCD3B19B /* Interactor */,
				EA63A6DC289691C50A7691B8 /* Router */,
				B3960F9F821479CADC356069 /* Configurator */,
			);
			name = ProductDetails;
			path = ProductDetails;
			sourceTree = "<group>";
		};
		4A826AAAD4EC6217FDFE5C79 /* Cells */ = {
			isa = PBXGroup;
			children = (
				DE8D489EC2CEC59B75EC2317 /* MainFeedCell.swift */,
				B18B3ECB0067F1A3E7BA7F08 /* ResearchCell.swift */,
			);
			path = Cells;
			sourceTree = "<group>";
		};
		4DB86F5C6FE7B2ED61BA140D /* View */ = {
			isa = PBXGroup;
			children = (
				58BAB5F62A6DE2CDE336B4E0 /* MainFeedViewInput.swift */,
				C9BA003244F3A847D9C5F856 /* MainFeedViewOutput.swift */,
				AAD25FB90CC3F9EC228524C5 /* MainFeedViewController.swift */,
				DD259A53A9BEC376FC8E149E /* DataDisplayManagers */,
				B450883945A0D1618E0D435D /* SectionViewModels */,
				C32DFE5983D21D6828EE1C43 /* SectionControllers */,
				924340007F61F6C649383C1D /* CellViewModels */,
				4A826AAAD4EC6217FDFE5C79 /* Cells */,
			);
			path = View;
			sourceTree = "<group>";
		};
		522DB9C90E5F55F698D6FF74 /* DataDisplayManagers */ = {
			isa = PBXGroup;
			children = (
				108DD6E2ACA5BEA0E7B64587 /* ProductDetailsDataDisplayManager.swift */,
			);
			name = DataDisplayManagers;
			path = DataDisplayManagers;
			sourceTree = "<group>";
		};
		685B964CFC6B40E9A92B81E6 /* View */ = {
			isa = PBXGroup;
			children = (
				E8AE49944A8C2528F66E3F1C /* ResearchDetailsViewInput.swift */,
				9F7746612F4DC0E485DA2765 /* ResearchDetailsViewOutput.swift */,
				AE1A28BD67F6B5BA88DEA5EF /* ResearchDetailsViewController.swift */,
				0E9E251C6449D78F4B64F415 /* DataDisplayManagers */,
				766D1E96323A0DC3C46488BD /* SectionViewModels */,
				DEBACC98A1E0453B5FF2DDD8 /* SectionControllers */,
				D8A9716B4353C0812A01E02D /* CellViewModels */,
				93BF5BF8F4EBF64CBBCF3404 /* Cells */,
			);
			path = View;
			sourceTree = "<group>";
		};
		6A2E03655FE8E0C8736102E8 /* SectionControllers */ = {
			isa = PBXGroup;
			children = (
				B4084AA9119489BDFC38A00F /* ProductDetailsSectionController.swift */,
			);
			name = SectionControllers;
			path = SectionControllers;
			sourceTree = "<group>";
		};
		766D1E96323A0DC3C46488BD /* SectionViewModels */ = {
			isa = PBXGroup;
			children = (
				8AD4B465CE6EBF2127CFDC5C /* ResearchDetailsSectionViewModel.swift */,
			);
			path = SectionViewModels;
			sourceTree = "<group>";
		};
		924340007F61F6C649383C1D /* CellViewModels */ = {
			isa = PBXGroup;
			children = (
				B569826C81DB6F92B4F231EF /* MainFeedCellViewModel.swift */,
				B18B37A7596D24A528876B35 /* ResearchCellViewModel.swift */,
			);
			path = CellViewModels;
			sourceTree = "<group>";
		};
		93BF5BF8F4EBF64CBBCF3404 /* Cells */ = {
			isa = PBXGroup;
			children = (
				274734367C189FFF4C0C84AE /* ResearchDetailsCell.swift */,
				B18B3498C6272A65D4B1F2EB /* ProductCell.swift */,
			);
			path = Cells;
			sourceTree = "<group>";
		};
		97D121D228BB40860D173057 /* Cells */ = {
			isa = PBXGroup;
			children = (
				6029365525EE06FBE9C23480 /* ProductDetailsCell.swift */,
			);
			name = Cells;
			path = Cells;
			sourceTree = "<group>";
		};
		9D0772C7E59BAD69F40E4BE1 /* Pods */ = {
			isa = PBXGroup;
			children = (
				0B13DE74A005F69D7C761B26 /* Pods-roskachestvo-ios.debug.xcconfig */,
				ABF4BAC2715046A73DA1724A /* Pods-roskachestvo-ios.release.xcconfig */,
				BB3E44FBDF588E2839B1993A /* Pods-roskachestvo-iosTests.debug.xcconfig */,
				B4B9C46480AFE7B4580D99E9 /* Pods-roskachestvo-iosTests.release.xcconfig */,
			);
			name = Pods;
			sourceTree = "<group>";
		};
		9F3AFD32E250D6B3328E94BF /* CellViewModels */ = {
			isa = PBXGroup;
			children = (
				58D3CF3B6C6D77CECE1AA477 /* ProductDetailsCellViewModel.swift */,
			);
			name = CellViewModels;
			path = CellViewModels;
			sourceTree = "<group>";
		};
		B18B304DA07C56AB89FBDDA0 /* TabBar */ = {
			isa = PBXGroup;
			children = (
				B18B3D754E1CFF47F5E53AC6 /* TabBarBasicContentView.swift */,
				B18B3D79F3F45047B3212E8E /* TabBarCentralContentView.swift */,
			);
			path = TabBar;
			sourceTree = "<group>";
		};
		B18B30A71091130AC7FF12EA /* Resources */ = {
			isa = PBXGroup;
			children = (
				294EFFD3221027CC005F197B /* Color */,
				294EFFD022101B28005F197B /* Rswift */,
				B18B3E1052985F7DB7257FCC /* Images */,
				B18B324D9786C96B8F30B7A4 /* Fonts */,
			);
			path = Resources;
			sourceTree = "<group>";
		};
		B18B30ED3A7BD5CC2B8B6CE8 /* Protocols */ = {
			isa = PBXGroup;
			children = (
				B18B368D8A120879BA2B9ADB /* ViewModel.swift */,
				B18B3436DE523A8EA59A7B97 /* LabelCellCalculator.swift */,
			);
			path = Protocols;
			sourceTree = "<group>";
		};
		B18B3104B7DD63A4ABC7BB99 /* Storyboards */ = {
			isa = PBXGroup;
			children = (
				2946539C221973B9005DF4D4 /* ResearchDetails.storyboard */,
				B18B3514AE5FFCB1C0730DCD /* MainFeed.storyboard */,
				B18B3817B34669B63C9C7D16 /* ProductDetails.storyboard */,
			);
			path = Storyboards;
			sourceTree = "<group>";
		};
		B18B3138FB81E439CEF1BAEE /* UserStories */ = {
			isa = PBXGroup;
			children = (
				B18B3AC6410365F967582337 /* ResearchUserStory */,
				B18B3AA17DE0A14F0D3BA928 /* LaunchScreen.storyboard */,
				B18B3EAF2059516C6D4FDD20 /* Main.storyboard */,
			);
			path = UserStories;
			sourceTree = "<group>";
		};
		B18B324D9786C96B8F30B7A4 /* Fonts */ = {
			isa = PBXGroup;
			children = (
				B18B334BD74DF4BE40E965E6 /* ProximaNovaBold.otf */,
				B18B35A8DA64620F2ECFD68C /* Backpack-Bold.otf */,
				B18B339419865226E87E4C4F /* Backpack-Light.otf */,
				B18B31F1F891FEA5C6038C12 /* Backpack-Regular.otf */,
			);
			path = Fonts;
			sourceTree = "<group>";
		};
		B18B34966A96194E16A92871 /* Routers */ = {
			isa = PBXGroup;
			children = (
				B18B3115CCC49D47A9A39F14 /* AppRouter.swift */,
				B18B304DA07C56AB89FBDDA0 /* TabBar */,
			);
			path = Routers;
			sourceTree = "<group>";
		};
		B18B35639F490C0EB23CF987 /* Modules */ = {
			isa = PBXGroup;
			children = (
				3A69E1C4B2C93EAEC4F6DB33 /* MainFeed */,
				3D72803720C1AC6A62326FD9 /* ResearchDetails */,
				490BADA74613B42D03C4E672 /* ProductDetails */,
			);
			path = Modules;
			sourceTree = "<group>";
		};
		B18B35DA430DA9EB18291D94 /* ApplicationLayer */ = {
			isa = PBXGroup;
			children = (
				B18B37B89DD95B2C2B89A5E2 /* LaunchSystem */,
				B18B34966A96194E16A92871 /* Routers */,
				CC7136BA17CCBF597D54C442 /* MainAssembler */,
			);
			path = ApplicationLayer;
			sourceTree = "<group>";
		};
		B18B3682A86B05996ED18BD2 /* AppDelegates */ = {
			isa = PBXGroup;
			children = (
				B18B3CB3176704F66A9B9855 /* AppDelegate.swift */,
			);
			path = AppDelegates;
			sourceTree = "<group>";
		};
		B18B376AC258DADDD7C132B3 /* UIView */ = {
			isa = PBXGroup;
			children = (
				B18B381FDF965C85E9EE9FB7 /* UINavigationView+Custom.swift */,
				B18B349252AAD9FE34D1F3C6 /* LTView.swift */,
				B18B38EA8AF57E124A1C8445 /* UICollectionViewCell+Shadow.swift */,
			);
			path = UIView;
			sourceTree = "<group>";
		};
		B18B37B89DD95B2C2B89A5E2 /* LaunchSystem */ = {
			isa = PBXGroup;
			children = (
				B18B3682A86B05996ED18BD2 /* AppDelegates */,
			);
			path = LaunchSystem;
			sourceTree = "<group>";
		};
		B18B3939503FEC03685DB3C4 /* Common */ = {
			isa = PBXGroup;
			children = (
				B18B3AB87D1F79C78A87CE7E /* UIColor */,
				B18B3A9152B7FA43FC76C7DB /* UIFont */,
				B18B30ED3A7BD5CC2B8B6CE8 /* Protocols */,
				B18B376AC258DADDD7C132B3 /* UIView */,
			);
			path = Common;
			sourceTree = "<group>";
		};
		B18B3A9152B7FA43FC76C7DB /* UIFont */ = {
			isa = PBXGroup;
			children = (
				B18B3CEF49597B85B25402F0 /* UIFont+Custom.swift */,
			);
			path = UIFont;
			sourceTree = "<group>";
		};
		B18B3AB87D1F79C78A87CE7E /* UIColor */ = {
			isa = PBXGroup;
			children = (
				B18B3072F541D6FEFD4ED429 /* UIColor+ApplicationPalette.swift */,
				B18B33EC6B32EA505CBFB43D /* UIColor+TextColor.swift */,
			);
			path = UIColor;
			sourceTree = "<group>";
		};
		B18B3AC6410365F967582337 /* ResearchUserStory */ = {
			isa = PBXGroup;
			children = (
				B18B35639F490C0EB23CF987 /* Modules */,
				B18B3104B7DD63A4ABC7BB99 /* Storyboards */,
			);
			path = ResearchUserStory;
			sourceTree = "<group>";
		};
		B18B3AD4AE317D5F2DEF7ABA /* PresentationLayer */ = {
			isa = PBXGroup;
			children = (
				B18B3939503FEC03685DB3C4 /* Common */,
				B18B3138FB81E439CEF1BAEE /* UserStories */,
			);
			path = PresentationLayer;
			sourceTree = "<group>";
		};
		B18B3AE5C79CDD6424012EC0 /* Classes */ = {
			isa = PBXGroup;
			children = (
				B18B35DA430DA9EB18291D94 /* ApplicationLayer */,
				B18B3AD4AE317D5F2DEF7ABA /* PresentationLayer */,
				CC71312CD8AC686F34E324A6 /* CoreLayer */,
				CC7136BD8266A1DFE3C5426B /* BusinessLogicLayer */,
				CC713BD981F35593D664FB10 /* Models */,
			);
			path = Classes;
			sourceTree = "<group>";
		};
		B18B3E1052985F7DB7257FCC /* Images */ = {
			isa = PBXGroup;
			children = (
				B18B3349F8E3BC1D10EDA206 /* Assets.xcassets */,
			);
			path = Images;
			sourceTree = "<group>";
		};
		B18B3F823E297982F439F961 /* SupportingFiles */ = {
			isa = PBXGroup;
			children = (
				B18B3B0EAF1998B339C6587C /* Info.plist */,
			);
			path = SupportingFiles;
			sourceTree = "<group>";
		};
		B3960F9F821479CADC356069 /* Configurator */ = {
			isa = PBXGroup;
			children = (
				9F826D4D2D48D616348D7873 /* ProductDetailsConfigurator.swift */,
				FC3898FC0A25B168DAA8727D /* ProductDetailsInitializer.swift */,
			);
			name = Configurator;
			path = Configurator;
			sourceTree = "<group>";
		};
		B450883945A0D1618E0D435D /* SectionViewModels */ = {
			isa = PBXGroup;
			children = (
				3022F528246E2FEBA3B1C728 /* MainFeedSectionViewModel.swift */,
			);
			path = SectionViewModels;
			sourceTree = "<group>";
		};
		B7DDE001060A111910428F5F /* View */ = {
			isa = PBXGroup;
			children = (
				2EA1B12107EA2EE1BD1116FD /* ProductDetailsViewInput.swift */,
				1E5076ADEA2B865C390A7E45 /* ProductDetailsViewOutput.swift */,
				6B040D942952807E8C2A97C8 /* ProductDetailsViewController.swift */,
				522DB9C90E5F55F698D6FF74 /* DataDisplayManagers */,
				C7AB66880902506AF48B94C9 /* SectionViewModels */,
				6A2E03655FE8E0C8736102E8 /* SectionControllers */,
				9F3AFD32E250D6B3328E94BF /* CellViewModels */,
				97D121D228BB40860D173057 /* Cells */,
			);
			name = View;
			path = View;
			sourceTree = "<group>";
		};
		BEE786B838CFF3772190F856 /* Router */ = {
			isa = PBXGroup;
			children = (
				5D8DA51915CF9862F9B25395 /* MainFeedRouterInput.swift */,
				DFFF5AF52C258C50F164F71D /* MainFeedRouter.swift */,
			);
			path = Router;
			sourceTree = "<group>";
		};
		C32DFE5983D21D6828EE1C43 /* SectionControllers */ = {
			isa = PBXGroup;
			children = (
				54791F194ED3466A6BAA5929 /* MainFeedSectionController.swift */,
			);
			path = SectionControllers;
			sourceTree = "<group>";
		};
		C7AB66880902506AF48B94C9 /* SectionViewModels */ = {
			isa = PBXGroup;
			children = (
				D23A54E42A7C71E590B1E994 /* ProductDetailsSectionViewModel.swift */,
			);
			name = SectionViewModels;
			path = SectionViewModels;
			sourceTree = "<group>";
		};
		CC71304372D594CD4FDB87BA /* ConcreteServices */ = {
			isa = PBXGroup;
			children = (
				CC713EEC45E3FCC37FB843D6 /* ResearchService */,
			);
			path = ConcreteServices;
			sourceTree = "<group>";
		};
		CC7130FC07657146D09C9A86 /* Assemblies */ = {
			isa = PBXGroup;
			children = (
				CC713E5FD7B672A70D871D2E /* NetworkAssembly */,
			);
			path = Assemblies;
			sourceTree = "<group>";
		};
		CC71312CD8AC686F34E324A6 /* CoreLayer */ = {
			isa = PBXGroup;
			children = (
				CC713A3144FADBFEA52FD6AE /* CoreComponents */,
				CC7130FC07657146D09C9A86 /* Assemblies */,
				CC7132F015FBA5D03F6586E5 /* Common */,
			);
			path = CoreLayer;
			sourceTree = "<group>";
		};
		CC7131BF91AC31724A2D62F8 /* Services */ = {
			isa = PBXGroup;
			children = (
				CC71304372D594CD4FDB87BA /* ConcreteServices */,
			);
			path = Services;
			sourceTree = "<group>";
		};
		CC71329E62B61E590E53111F /* Protocols */ = {
			isa = PBXGroup;
			children = (
				CC7135D68B17D96CE48369D5 /* NetworkClient.swift */,
			);
			path = Protocols;
			sourceTree = "<group>";
		};
		CC7132F015FBA5D03F6586E5 /* Common */ = {
			isa = PBXGroup;
			children = (
				CC713ABD4E844EF2AC71DF65 /* Scheduler */,
			);
			path = Common;
			sourceTree = "<group>";
		};
		CC7133D0E1DC12C6CBB1EA3C /* ConcreteClasses */ = {
			isa = PBXGroup;
			children = (
				CC7135D9459A242DD6808C35 /* MoyaNetworkClient */,
			);
			path = ConcreteClasses;
			sourceTree = "<group>";
		};
		CC7134E8CF00D85039A7EF93 /* Assemblies */ = {
			isa = PBXGroup;
			children = (
				CC713A3D7CE79FBB45AE8D0E /* ServiceAssemblies */,
			);
			path = Assemblies;
			sourceTree = "<group>";
		};
		CC7135D9459A242DD6808C35 /* MoyaNetworkClient */ = {
			isa = PBXGroup;
			children = (
				CC7136AE82257C4B5BD831C2 /* MoyaNetworkClient.swift */,
			);
			path = MoyaNetworkClient;
			sourceTree = "<group>";
		};
		CC71361658FF6CADBD6F6CC1 /* PlainObjects */ = {
			isa = PBXGroup;
			children = (
				CC713CC88B3AC7552DEC76A4 /* SearchProductPlainObject.swift */,
				CC713881A538BF70E11678BD /* ProductPlainObject.swift */,
				CC713209B8B392FCB098E07C /* ProductPropertyPlainObject.swift */,
				CC713B756FECEA970A936CA9 /* ProductIndicatorPlainObject.swift */,
				CC7137B0F114BDEC6AAF19E7 /* ImagePlainObject.swift */,
				CC713FE306322B691A94C4EB /* ErrorPlainObject.swift */,
				CC713267430A147B872F1DF4 /* ProductsPlainObject.swift */,
				CC7137D266EB7282AED63C12 /* CategoryPlainObject.swift */,
				CC7137259A7E48397320B81F /* ResearchesPlainObject.swift */,
				CC71331BB593EBAC1F7373F2 /* ResearchPlainObject.swift */,
				CC713809D8CAF2FE16D15A9F /* ResearchStatisticPlainObject.swift */,
				CC713A2315538AA9CB8D54F3 /* CategoriesPlainObject.swift */,
			);
			path = PlainObjects;
			sourceTree = "<group>";
		};
		CC713621B4BF91DDDC76F85F /* Enums */ = {
			isa = PBXGroup;
			children = (
				CC7139685CC97FB3435304FA /* ProductType.swift */,
			);
			path = Enums;
			sourceTree = "<group>";
		};
		CC7136A73DE203A188EFEDDA /* NetworkRequests */ = {
			isa = PBXGroup;
			children = (
				CC713B6149A06CC3C990B8F7 /* RoskachestvoAPI.swift */,
			);
			path = NetworkRequests;
			sourceTree = "<group>";
		};
		CC7136BA17CCBF597D54C442 /* MainAssembler */ = {
			isa = PBXGroup;
			children = (
				CC713C3851F82DF0A7714605 /* MainAssembler.swift */,
			);
			path = MainAssembler;
			sourceTree = "<group>";
		};
		CC7136BD8266A1DFE3C5426B /* BusinessLogicLayer */ = {
			isa = PBXGroup;
			children = (
				CC7134E8CF00D85039A7EF93 /* Assemblies */,
				CC7131BF91AC31724A2D62F8 /* Services */,
			);
			path = BusinessLogicLayer;
			sourceTree = "<group>";
		};
		CC713A3144FADBFEA52FD6AE /* CoreComponents */ = {
			isa = PBXGroup;
			children = (
				CC713D0E46A740D2569E696A /* NetworkClients */,
				CC7136A73DE203A188EFEDDA /* NetworkRequests */,
			);
			path = CoreComponents;
			sourceTree = "<group>";
		};
		CC713A3D7CE79FBB45AE8D0E /* ServiceAssemblies */ = {
			isa = PBXGroup;
			children = (
				CC71330A5594EA3E9A3D28C8 /* ServiceAssemblies.swift */,
			);
			path = ServiceAssemblies;
			sourceTree = "<group>";
		};
		CC713ABD4E844EF2AC71DF65 /* Scheduler */ = {
			isa = PBXGroup;
			children = (
				CC71345AB3F91806C8225C99 /* RSKScheduler.swift */,
			);
			path = Scheduler;
			sourceTree = "<group>";
		};
		CC713BD981F35593D664FB10 /* Models */ = {
			isa = PBXGroup;
			children = (
				CC71361658FF6CADBD6F6CC1 /* PlainObjects */,
				CC713621B4BF91DDDC76F85F /* Enums */,
			);
			path = Models;
			sourceTree = "<group>";
		};
		CC713D0E46A740D2569E696A /* NetworkClients */ = {
			isa = PBXGroup;
			children = (
				CC71329E62B61E590E53111F /* Protocols */,
				CC7133D0E1DC12C6CBB1EA3C /* ConcreteClasses */,
			);
			path = NetworkClients;
			sourceTree = "<group>";
		};
		CC713E5FD7B672A70D871D2E /* NetworkAssembly */ = {
			isa = PBXGroup;
			children = (
				CC71317B73A271C900BFDA07 /* NetworkAssembly.swift */,
			);
			path = NetworkAssembly;
			sourceTree = "<group>";
		};
		CC713EEC45E3FCC37FB843D6 /* ResearchService */ = {
			isa = PBXGroup;
			children = (
				CC713AB796C750B48AD30487 /* ResearchNetworkService.swift */,
			);
			path = ResearchService;
			sourceTree = "<group>";
		};
		D50E440321DD9DE49CE523EC /* Presenter */ = {
			isa = PBXGroup;
			children = (
				69E4D7A5D9D8C256A585934D /* ProductDetailsModuleInput.swift */,
				88D3E2EC1116ECE6B4BBAD18 /* ProductDetailsPresenter.swift */,
				85990B3B165E5DAA252CDAF9 /* ProductDetailsModuleOutput.swift */,
			);
			name = Presenter;
			path = Presenter;
			sourceTree = "<group>";
		};
		D8A9716B4353C0812A01E02D /* CellViewModels */ = {
			isa = PBXGroup;
			children = (
				0D1664F06F194C1C21B1913B /* ResearchDetailsCellViewModel.swift */,
				B18B3B76FDE58F6166EE33F2 /* ProductCellViewModel.swift */,
			);
			path = CellViewModels;
			sourceTree = "<group>";
		};
		DD259A53A9BEC376FC8E149E /* DataDisplayManagers */ = {
			isa = PBXGroup;
			children = (
				84D1B5F18471003C5A4F77DB /* MainFeedDataDisplayManager.swift */,
			);
			path = DataDisplayManagers;
			sourceTree = "<group>";
		};
		DEBACC98A1E0453B5FF2DDD8 /* SectionControllers */ = {
			isa = PBXGroup;
			children = (
				37DB079149356990F5410D1F /* ResearchDetailsSectionController.swift */,
			);
			path = SectionControllers;
			sourceTree = "<group>";
		};
		EA63A6DC289691C50A7691B8 /* Router */ = {
			isa = PBXGroup;
			children = (
				BEFE78201C22D1FF8E7DECC5 /* ProductDetailsRouterInput.swift */,
				AAF1E9A2F6551A8B7330A5B1 /* ProductDetailsRouter.swift */,
			);
			name = Router;
			path = Router;
			sourceTree = "<group>";
		};
		F42E15B2AF9D3A0CB3A16C5F /* Configurator */ = {
			isa = PBXGroup;
			children = (
				E6FEBED8937A3E36BE29EAB2 /* MainFeedConfigurator.swift */,
				DD0AD0E99C70CFD706426612 /* MainFeedInitializer.swift */,
			);
			path = Configurator;
			sourceTree = "<group>";
		};
/* End PBXGroup section */

/* Begin PBXNativeTarget section */
		29ADDA8A2201A3830013F5E6 /* roskachestvo-ios */ = {
			isa = PBXNativeTarget;
			buildConfigurationList = 29ADDAA82201A3850013F5E6 /* Build configuration list for PBXNativeTarget "roskachestvo-ios" */;
			buildPhases = (
				AAB41BC2B0AF23E2B8FD791A /* [CP] Check Pods Manifest.lock */,
				294EFFCF22101A57005F197B /* R.swift */,
				29ADDA872201A3830013F5E6 /* Sources */,
				29ADDA882201A3830013F5E6 /* Frameworks */,
				29ADDA892201A3830013F5E6 /* Resources */,
				2F656C4CA39EC155BEE7AF6B /* [CP] Embed Pods Frameworks */,
				9E8735C022048E5200FBE40C /* SwiftLint */,
			);
			buildRules = (
			);
			dependencies = (
			);
			name = "roskachestvo-ios";
			productName = "roskachestvo-ios";
			productReference = 29ADDA8B2201A3830013F5E6 /* roskachestvo-ios.app */;
			productType = "com.apple.product-type.application";
		};
		29ADDA9E2201A3850013F5E6 /* roskachestvo-iosTests */ = {
			isa = PBXNativeTarget;
			buildConfigurationList = 29ADDAAB2201A3850013F5E6 /* Build configuration list for PBXNativeTarget "roskachestvo-iosTests" */;
			buildPhases = (
				C3D346CED9A3E4FAA9ACAA60 /* [CP] Check Pods Manifest.lock */,
				29ADDA9B2201A3850013F5E6 /* Sources */,
				29ADDA9C2201A3850013F5E6 /* Frameworks */,
				29ADDA9D2201A3850013F5E6 /* Resources */,
			);
			buildRules = (
			);
			dependencies = (
				29ADDAA12201A3850013F5E6 /* PBXTargetDependency */,
			);
			name = "roskachestvo-iosTests";
			productName = "roskachestvo-iosTests";
			productReference = 29ADDA9F2201A3850013F5E6 /* roskachestvo-iosTests.xctest */;
			productType = "com.apple.product-type.bundle.unit-test";
		};
/* End PBXNativeTarget section */

/* Begin PBXProject section */
		29ADDA832201A3830013F5E6 /* Project object */ = {
			isa = PBXProject;
			attributes = {
				LastSwiftUpdateCheck = 1010;
				LastUpgradeCheck = 1010;
				ORGANIZATIONNAME = trykov;
				TargetAttributes = {
					29ADDA8A2201A3830013F5E6 = {
						CreatedOnToolsVersion = 10.1;
						ProvisioningStyle = Automatic;
					};
					29ADDA9E2201A3850013F5E6 = {
						CreatedOnToolsVersion = 10.1;
						ProvisioningStyle = Automatic;
						TestTargetID = 29ADDA8A2201A3830013F5E6;
					};
				};
			};
			buildConfigurationList = 29ADDA862201A3830013F5E6 /* Build configuration list for PBXProject "roskachestvo-ios" */;
			compatibilityVersion = "Xcode 8.0";
			developmentRegion = en;
			hasScannedForEncodings = 0;
			knownRegions = (
				en,
				Base,
			);
			mainGroup = 29ADDA822201A3830013F5E6;
			productRefGroup = 29ADDA8C2201A3830013F5E6 /* Products */;
			projectDirPath = "";
			projectRoot = "";
			targets = (
				29ADDA8A2201A3830013F5E6 /* roskachestvo-ios */,
				29ADDA9E2201A3850013F5E6 /* roskachestvo-iosTests */,
			);
		};
/* End PBXProject section */

/* Begin PBXResourcesBuildPhase section */
		29ADDA892201A3830013F5E6 /* Resources */ = {
			isa = PBXResourcesBuildPhase;
			buildActionMask = 2147483647;
			files = (
				B18B332161B33D8B4C17CA9E /* Assets.xcassets in Resources */,
				B18B307AADECA60BC275E53E /* LaunchScreen.storyboard in Resources */,
				294EFFD5221027F0005F197B /* Color.xcassets in Resources */,
				B18B327B12BE658B14A42CF4 /* Main.storyboard in Resources */,
				2946539D221973B9005DF4D4 /* ResearchDetails.storyboard in Resources */,
				B18B3076BD83EBC68A980DDE /* ProximaNovaBold.otf in Resources */,
				B18B35B2D8FF356B204CBA00 /* MainFeed.storyboard in Resources */,
				B18B32FCBDC14A83522EB12A /* Backpack-Bold.otf in Resources */,
				B18B3A634E4A51D37AC8948C /* Backpack-Light.otf in Resources */,
				B18B3B594B91D29CC8CBD1E8 /* Backpack-Regular.otf in Resources */,
				B18B33316AFAA22393DE8BC6 /* ProductDetails.storyboard in Resources */,
			);
			runOnlyForDeploymentPostprocessing = 0;
		};
		29ADDA9D2201A3850013F5E6 /* Resources */ = {
			isa = PBXResourcesBuildPhase;
			buildActionMask = 2147483647;
			files = (
			);
			runOnlyForDeploymentPostprocessing = 0;
		};
/* End PBXResourcesBuildPhase section */

/* Begin PBXShellScriptBuildPhase section */
		294EFFCF22101A57005F197B /* R.swift */ = {
			isa = PBXShellScriptBuildPhase;
			buildActionMask = 2147483647;
			files = (
			);
			inputPaths = (
				"$TEMP_DIR/rswift-lastrun",
			);
			name = R.swift;
			outputPaths = (
				"$SRCROOT/roskachestvo-ios/Resources/Rswift/R.generated.swift",
			);
			runOnlyForDeploymentPostprocessing = 0;
			shellPath = /bin/sh;
			shellScript = "\"$PODS_ROOT/R.swift/rswift\" generate \"$SRCROOT/roskachestvo-ios/Resources/Rswift/R.generated.swift\"\n";
		};
		2F656C4CA39EC155BEE7AF6B /* [CP] Embed Pods Frameworks */ = {
			isa = PBXShellScriptBuildPhase;
			buildActionMask = 2147483647;
			files = (
			);
			inputPaths = (
				"${SRCROOT}/Pods/Target Support Files/Pods-roskachestvo-ios/Pods-roskachestvo-ios-frameworks.sh",
				"${BUILT_PRODUCTS_DIR}/Alamofire/Alamofire.framework",
				"${BUILT_PRODUCTS_DIR}/ESTabBarController-swift/ESTabBarController_swift.framework",
				"${BUILT_PRODUCTS_DIR}/IGListKit/IGListKit.framework",
				"${BUILT_PRODUCTS_DIR}/Kingfisher/Kingfisher.framework",
				"${BUILT_PRODUCTS_DIR}/ModelMapper/Mapper.framework",
				"${BUILT_PRODUCTS_DIR}/Moya/Moya.framework",
				"${BUILT_PRODUCTS_DIR}/Moya-ModelMapper/Moya_ModelMapper.framework",
				"${BUILT_PRODUCTS_DIR}/R.swift.Library/Rswift.framework",
				"${BUILT_PRODUCTS_DIR}/Result/Result.framework",
				"${PODS_ROOT}/Reveal-SDK/RevealServer-18/iOS/RevealServer.framework",
				"${BUILT_PRODUCTS_DIR}/RxAtomic/RxAtomic.framework",
				"${BUILT_PRODUCTS_DIR}/RxSwift/RxSwift.framework",
				"${BUILT_PRODUCTS_DIR}/SnapKit/SnapKit.framework",
				"${BUILT_PRODUCTS_DIR}/Swinject/Swinject.framework",
				"${BUILT_PRODUCTS_DIR}/Unbox/Unbox.framework",
				"${BUILT_PRODUCTS_DIR}/ViperMcFlurry/ViperMcFlurry.framework",
				"${BUILT_PRODUCTS_DIR}/Wrap/Wrap.framework",
			);
			name = "[CP] Embed Pods Frameworks";
			outputPaths = (
				"${TARGET_BUILD_DIR}/${FRAMEWORKS_FOLDER_PATH}/Alamofire.framework",
				"${TARGET_BUILD_DIR}/${FRAMEWORKS_FOLDER_PATH}/ESTabBarController_swift.framework",
				"${TARGET_BUILD_DIR}/${FRAMEWORKS_FOLDER_PATH}/IGListKit.framework",
				"${TARGET_BUILD_DIR}/${FRAMEWORKS_FOLDER_PATH}/Kingfisher.framework",
				"${TARGET_BUILD_DIR}/${FRAMEWORKS_FOLDER_PATH}/Mapper.framework",
				"${TARGET_BUILD_DIR}/${FRAMEWORKS_FOLDER_PATH}/Moya.framework",
				"${TARGET_BUILD_DIR}/${FRAMEWORKS_FOLDER_PATH}/Moya_ModelMapper.framework",
				"${TARGET_BUILD_DIR}/${FRAMEWORKS_FOLDER_PATH}/Rswift.framework",
				"${TARGET_BUILD_DIR}/${FRAMEWORKS_FOLDER_PATH}/Result.framework",
				"${TARGET_BUILD_DIR}/${FRAMEWORKS_FOLDER_PATH}/RevealServer.framework",
				"${TARGET_BUILD_DIR}/${FRAMEWORKS_FOLDER_PATH}/RxAtomic.framework",
				"${TARGET_BUILD_DIR}/${FRAMEWORKS_FOLDER_PATH}/RxSwift.framework",
				"${TARGET_BUILD_DIR}/${FRAMEWORKS_FOLDER_PATH}/SnapKit.framework",
				"${TARGET_BUILD_DIR}/${FRAMEWORKS_FOLDER_PATH}/Swinject.framework",
				"${TARGET_BUILD_DIR}/${FRAMEWORKS_FOLDER_PATH}/Unbox.framework",
				"${TARGET_BUILD_DIR}/${FRAMEWORKS_FOLDER_PATH}/ViperMcFlurry.framework",
				"${TARGET_BUILD_DIR}/${FRAMEWORKS_FOLDER_PATH}/Wrap.framework",
			);
			runOnlyForDeploymentPostprocessing = 0;
			shellPath = /bin/sh;
			shellScript = "\"${SRCROOT}/Pods/Target Support Files/Pods-roskachestvo-ios/Pods-roskachestvo-ios-frameworks.sh\"\n";
			showEnvVarsInLog = 0;
		};
		9E8735C022048E5200FBE40C /* SwiftLint */ = {
			isa = PBXShellScriptBuildPhase;
			buildActionMask = 2147483647;
			files = (
			);
			inputPaths = (
			);
			name = SwiftLint;
			outputPaths = (
			);
			runOnlyForDeploymentPostprocessing = 0;
			shellPath = /bin/sh;
			shellScript = "if which swiftlint >/dev/null; then\n\"${PODS_ROOT}/SwiftLint/swiftlint\" --strict\nelse\necho \"error: SwiftLint does not exist, download it from https://github.com/realm/SwiftLint\"\nexit 1\nfi\n\n";
		};
		AAB41BC2B0AF23E2B8FD791A /* [CP] Check Pods Manifest.lock */ = {
			isa = PBXShellScriptBuildPhase;
			buildActionMask = 2147483647;
			files = (
			);
			inputPaths = (
				"${PODS_PODFILE_DIR_PATH}/Podfile.lock",
				"${PODS_ROOT}/Manifest.lock",
			);
			name = "[CP] Check Pods Manifest.lock";
			outputPaths = (
				"$(DERIVED_FILE_DIR)/Pods-roskachestvo-ios-checkManifestLockResult.txt",
			);
			runOnlyForDeploymentPostprocessing = 0;
			shellPath = /bin/sh;
			shellScript = "diff \"${PODS_PODFILE_DIR_PATH}/Podfile.lock\" \"${PODS_ROOT}/Manifest.lock\" > /dev/null\nif [ $? != 0 ] ; then\n    # print error to STDERR\n    echo \"error: The sandbox is not in sync with the Podfile.lock. Run 'pod install' or update your CocoaPods installation.\" >&2\n    exit 1\nfi\n# This output is used by Xcode 'outputs' to avoid re-running this script phase.\necho \"SUCCESS\" > \"${SCRIPT_OUTPUT_FILE_0}\"\n";
			showEnvVarsInLog = 0;
		};
		C3D346CED9A3E4FAA9ACAA60 /* [CP] Check Pods Manifest.lock */ = {
			isa = PBXShellScriptBuildPhase;
			buildActionMask = 2147483647;
			files = (
			);
			inputPaths = (
				"${PODS_PODFILE_DIR_PATH}/Podfile.lock",
				"${PODS_ROOT}/Manifest.lock",
			);
			name = "[CP] Check Pods Manifest.lock";
			outputPaths = (
				"$(DERIVED_FILE_DIR)/Pods-roskachestvo-iosTests-checkManifestLockResult.txt",
			);
			runOnlyForDeploymentPostprocessing = 0;
			shellPath = /bin/sh;
			shellScript = "diff \"${PODS_PODFILE_DIR_PATH}/Podfile.lock\" \"${PODS_ROOT}/Manifest.lock\" > /dev/null\nif [ $? != 0 ] ; then\n    # print error to STDERR\n    echo \"error: The sandbox is not in sync with the Podfile.lock. Run 'pod install' or update your CocoaPods installation.\" >&2\n    exit 1\nfi\n# This output is used by Xcode 'outputs' to avoid re-running this script phase.\necho \"SUCCESS\" > \"${SCRIPT_OUTPUT_FILE_0}\"\n";
			showEnvVarsInLog = 0;
		};
/* End PBXShellScriptBuildPhase section */

/* Begin PBXSourcesBuildPhase section */
		29ADDA872201A3830013F5E6 /* Sources */ = {
			isa = PBXSourcesBuildPhase;
			buildActionMask = 2147483647;
			files = (
				B18B304303996D981C08D138 /* AppDelegate.swift in Sources */,
				294EFFD222101B61005F197B /* R.generated.swift in Sources */,
				B18B3F3DE5DAEC0E5BB18FC1 /* UIColor+ApplicationPalette.swift in Sources */,
				B18B3F3D7142C03938A9ADB9 /* AppRouter.swift in Sources */,
				B18B3E33E83A802720D0A1E9 /* TabBarBasicContentView.swift in Sources */,
				B18B389CED0765AC4CB82A2E /* UIColor+TextColor.swift in Sources */,
				B18B34FE66DB02160836D9E9 /* TabBarCentralContentView.swift in Sources */,
				B18B37DB720F3D7FC54FAEC3 /* UIFont+Custom.swift in Sources */,
				CC713D900EC040E40A1CF968 /* NetworkClient.swift in Sources */,
				CC713DCECBCD98A67E32D716 /* MoyaNetworkClient.swift in Sources */,
				CC713C4082EE25973CFF818D /* RoskachestvoAPI.swift in Sources */,
				CC713DCBCCFCB1BE64718362 /* MainAssembler.swift in Sources */,
				CC713F69D686FCBD9E64ADCF /* NetworkAssembly.swift in Sources */,
				CC7137E52687B685336BDC2A /* ServiceAssemblies.swift in Sources */,
				CC71373A33ECEDD5A5F47A64 /* ResearchNetworkService.swift in Sources */,
				CC7132588690BE128E38A6D6 /* SearchProductPlainObject.swift in Sources */,
				CC7138FAD8CFD3CD5E2AF7C0 /* RSKScheduler.swift in Sources */,
				CC713D130D0012258CEAC57D /* ProductPlainObject.swift in Sources */,
				CC713E9C8523888BE996DECB /* ProductType.swift in Sources */,
				CC713A35F214146DCEE8CF59 /* ProductPropertyPlainObject.swift in Sources */,
				CC713CCDB87F82C93EA028D4 /* ProductIndicatorPlainObject.swift in Sources */,
				CC713B249A64712CCC15D7B3 /* ImagePlainObject.swift in Sources */,
				CC71364B65300831B290F09E /* ErrorPlainObject.swift in Sources */,
				CC713C018957903762DF9461 /* ProductsPlainObject.swift in Sources */,
				CC71376D098C9D2F477A566D /* CategoryPlainObject.swift in Sources */,
				CC713773B76414C0E19BB876 /* ResearchesPlainObject.swift in Sources */,
				CC713DFEBA9170CACF2EAA02 /* ResearchPlainObject.swift in Sources */,
				CC713149270222D5D9F472E7 /* ResearchStatisticPlainObject.swift in Sources */,
				CC71308F77D56B4C5F7F7DC0 /* CategoriesPlainObject.swift in Sources */,
				60C8933F00B155686CC577B7 /* MainFeedViewInput.swift in Sources */,
				7C79E125A16ACBE20B692F2D /* MainFeedViewOutput.swift in Sources */,
				8AC65F2F1BE8F31B5783A49A /* MainFeedViewController.swift in Sources */,
				6110009AAF0C3A117A6AFEF1 /* MainFeedDataDisplayManager.swift in Sources */,
				9DAD5F47B98BBE8AC8712517 /* MainFeedSectionViewModel.swift in Sources */,
				F5BB400A64D2199673773835 /* MainFeedSectionController.swift in Sources */,
				28A99FA8FE5B8DB89CD7ED51 /* MainFeedCellViewModel.swift in Sources */,
				5EECB170831CC6CA2DDEDB8E /* MainFeedCell.swift in Sources */,
				8802DCB37B529C94A366FAEE /* MainFeedModuleInput.swift in Sources */,
				0C749EE30CA61DCB5A049786 /* MainFeedPresenter.swift in Sources */,
				A508D5693E655DB07929E83F /* MainFeedModuleOutput.swift in Sources */,
				5E625582432E77927520E8A0 /* MainFeedInteractorInput.swift in Sources */,
				A19D1BED2F111D1C9945FE4E /* MainFeedInteractorOutput.swift in Sources */,
				B95EF56D62BAEDCE40F2AD00 /* MainFeedInteractor.swift in Sources */,
				79249D4310997F1B31B7023F /* MainFeedRouterInput.swift in Sources */,
				8BC1FC3069056C46BFE03108 /* MainFeedRouter.swift in Sources */,
				9857D5BC34B35208929B76BC /* MainFeedConfigurator.swift in Sources */,
				B131FF577D24F221D01D029E /* MainFeedInitializer.swift in Sources */,
				B18B3B3454EE5AF1630722B4 /* ViewModel.swift in Sources */,
				B18B3665BDDC446B066F23D0 /* ResearchCellViewModel.swift in Sources */,
				B18B33524411DBA17960070F /* ResearchCell.swift in Sources */,
				B18B33637BE1ACF407BD6966 /* UINavigationView+Custom.swift in Sources */,
				B18B3B796D03DA550DEA3184 /* LTView.swift in Sources */,
				3AA66F4630166C35DA5236EC /* ResearchDetailsViewInput.swift in Sources */,
				DD3E38AD6FB561BB4E94CDF0 /* ResearchDetailsViewOutput.swift in Sources */,
				F10943F06B3D6C642F95E8A8 /* ResearchDetailsViewController.swift in Sources */,
				AA53A5BBFFB8E3738AAFE5D9 /* ResearchDetailsDataDisplayManager.swift in Sources */,
				C8DFF175B1BDE28532115A2E /* ResearchDetailsSectionViewModel.swift in Sources */,
				71F9FAC01CFE67CD1CEE311C /* ResearchDetailsSectionController.swift in Sources */,
				E4E6B6A907471A3C921FB4C5 /* ResearchDetailsCellViewModel.swift in Sources */,
				8BEFD369FAFE685A4C59D916 /* ResearchDetailsCell.swift in Sources */,
				A5D3061513BDD55F0C73355B /* ResearchDetailsModuleInput.swift in Sources */,
				85D0DC14423B6C9A9DF29E5F /* ResearchDetailsPresenter.swift in Sources */,
				1388E5B61DFE43AD6ACD255E /* ResearchDetailsModuleOutput.swift in Sources */,
				7A2F0F082644D412E05C6673 /* ResearchDetailsInteractorInput.swift in Sources */,
				7EB6080447AEC2F355EF467A /* ResearchDetailsInteractorOutput.swift in Sources */,
				C6F6EF1CB1BD504362288995 /* ResearchDetailsInteractor.swift in Sources */,
				E5C74B50E740C06A70DE8830 /* ResearchDetailsRouterInput.swift in Sources */,
				9383BA1650668A4548BC7DC6 /* ResearchDetailsRouter.swift in Sources */,
				278320AF374D11E85C0E84A9 /* ResearchDetailsConfigurator.swift in Sources */,
				5D4165CC476503FBB170B335 /* ResearchDetailsInitializer.swift in Sources */,
				B18B3DC41F90324FC7796FAF /* ProductCellViewModel.swift in Sources */,
				B18B3B7E00A6899CD4908BB8 /* ProductCell.swift in Sources */,
				B18B37F09155F8C1606B3D70 /* LabelCellCalculator.swift in Sources */,
				37221FAB896E8E15330CCD41 /* ProductDetailsViewInput.swift in Sources */,
				837FCB426952D7479EB0C0F9 /* ProductDetailsViewOutput.swift in Sources */,
				26DA4B27665B16D313119C29 /* ProductDetailsViewController.swift in Sources */,
				E84E73B266FC7FBBD9840E4F /* ProductDetailsDataDisplayManager.swift in Sources */,
				E83726510CE542F9D680CD99 /* ProductDetailsSectionViewModel.swift in Sources */,
				B0A13261A334EC385B363C72 /* ProductDetailsSectionController.swift in Sources */,
				5BF4C927F08F4447063FE88A /* ProductDetailsCellViewModel.swift in Sources */,
				C69F75E3A8AB6BFD29F5733D /* ProductDetailsCell.swift in Sources */,
				14291692697FA57852035742 /* ProductDetailsModuleInput.swift in Sources */,
				DE25EF932099BF1B8BF26AC8 /* ProductDetailsPresenter.swift in Sources */,
				235C15FB4B89AB0551075700 /* ProductDetailsModuleOutput.swift in Sources */,
				A6E9BAC318D0EA1AB8DC3375 /* ProductDetailsInteractorInput.swift in Sources */,
				31AF408359A48CCF268E3C17 /* ProductDetailsInteractorOutput.swift in Sources */,
				8E42ADA19C8FCB6D6FD34DBE /* ProductDetailsInteractor.swift in Sources */,
				6B034187C1DE84B4622F1F75 /* ProductDetailsRouterInput.swift in Sources */,
				746F640E376AB903C9F2CF5B /* ProductDetailsRouter.swift in Sources */,
				C2E250474AA89326E226EDE8 /* ProductDetailsConfigurator.swift in Sources */,
				EDA78500145622C9C19B1A99 /* ProductDetailsInitializer.swift in Sources */,
				B18B35D251DEB57B72F046D0 /* UICollectionViewCell+Shadow.swift in Sources */,
			);
			runOnlyForDeploymentPostprocessing = 0;
		};
		29ADDA9B2201A3850013F5E6 /* Sources */ = {
			isa = PBXSourcesBuildPhase;
			buildActionMask = 2147483647;
			files = (
				29ADDAA42201A3850013F5E6 /* roskachestvo_iosTests.swift in Sources */,
			);
			runOnlyForDeploymentPostprocessing = 0;
		};
/* End PBXSourcesBuildPhase section */

/* Begin PBXTargetDependency section */
		29ADDAA12201A3850013F5E6 /* PBXTargetDependency */ = {
			isa = PBXTargetDependency;
			target = 29ADDA8A2201A3830013F5E6 /* roskachestvo-ios */;
			targetProxy = 29ADDAA02201A3850013F5E6 /* PBXContainerItemProxy */;
		};
/* End PBXTargetDependency section */

/* Begin XCBuildConfiguration section */
		29ADDAA62201A3850013F5E6 /* Debug */ = {
			isa = XCBuildConfiguration;
			buildSettings = {
				ALWAYS_SEARCH_USER_PATHS = NO;
				CLANG_ANALYZER_NONNULL = YES;
				CLANG_ANALYZER_NUMBER_OBJECT_CONVERSION = YES_AGGRESSIVE;
				CLANG_CXX_LANGUAGE_STANDARD = "gnu++14";
				CLANG_CXX_LIBRARY = "libc++";
				CLANG_ENABLE_MODULES = YES;
				CLANG_ENABLE_OBJC_ARC = YES;
				CLANG_ENABLE_OBJC_WEAK = YES;
				CLANG_WARN_BLOCK_CAPTURE_AUTORELEASING = YES;
				CLANG_WARN_BOOL_CONVERSION = YES;
				CLANG_WARN_COMMA = YES;
				CLANG_WARN_CONSTANT_CONVERSION = YES;
				CLANG_WARN_DEPRECATED_OBJC_IMPLEMENTATIONS = YES;
				CLANG_WARN_DIRECT_OBJC_ISA_USAGE = YES_ERROR;
				CLANG_WARN_DOCUMENTATION_COMMENTS = YES;
				CLANG_WARN_EMPTY_BODY = YES;
				CLANG_WARN_ENUM_CONVERSION = YES;
				CLANG_WARN_INFINITE_RECURSION = YES;
				CLANG_WARN_INT_CONVERSION = YES;
				CLANG_WARN_NON_LITERAL_NULL_CONVERSION = YES;
				CLANG_WARN_OBJC_IMPLICIT_RETAIN_SELF = YES;
				CLANG_WARN_OBJC_LITERAL_CONVERSION = YES;
				CLANG_WARN_OBJC_ROOT_CLASS = YES_ERROR;
				CLANG_WARN_RANGE_LOOP_ANALYSIS = YES;
				CLANG_WARN_STRICT_PROTOTYPES = YES;
				CLANG_WARN_SUSPICIOUS_MOVE = YES;
				CLANG_WARN_UNGUARDED_AVAILABILITY = YES_AGGRESSIVE;
				CLANG_WARN_UNREACHABLE_CODE = YES;
				CLANG_WARN__DUPLICATE_METHOD_MATCH = YES;
				CODE_SIGN_IDENTITY = "iPhone Developer";
				COPY_PHASE_STRIP = NO;
				DEBUG_INFORMATION_FORMAT = dwarf;
				ENABLE_STRICT_OBJC_MSGSEND = YES;
				ENABLE_TESTABILITY = YES;
				GCC_C_LANGUAGE_STANDARD = gnu11;
				GCC_DYNAMIC_NO_PIC = NO;
				GCC_NO_COMMON_BLOCKS = YES;
				GCC_OPTIMIZATION_LEVEL = 0;
				GCC_PREPROCESSOR_DEFINITIONS = (
					"DEBUG=1",
					"$(inherited)",
				);
				GCC_WARN_64_TO_32_BIT_CONVERSION = YES;
				GCC_WARN_ABOUT_RETURN_TYPE = YES_ERROR;
				GCC_WARN_UNDECLARED_SELECTOR = YES;
				GCC_WARN_UNINITIALIZED_AUTOS = YES_AGGRESSIVE;
				GCC_WARN_UNUSED_FUNCTION = YES;
				GCC_WARN_UNUSED_VARIABLE = YES;
				IPHONEOS_DEPLOYMENT_TARGET = 12.1;
				MTL_ENABLE_DEBUG_INFO = INCLUDE_SOURCE;
				MTL_FAST_MATH = YES;
				ONLY_ACTIVE_ARCH = YES;
				SDKROOT = iphoneos;
				SWIFT_ACTIVE_COMPILATION_CONDITIONS = DEBUG;
				SWIFT_OPTIMIZATION_LEVEL = "-Onone";
			};
			name = Debug;
		};
		29ADDAA72201A3850013F5E6 /* Release */ = {
			isa = XCBuildConfiguration;
			buildSettings = {
				ALWAYS_SEARCH_USER_PATHS = NO;
				CLANG_ANALYZER_NONNULL = YES;
				CLANG_ANALYZER_NUMBER_OBJECT_CONVERSION = YES_AGGRESSIVE;
				CLANG_CXX_LANGUAGE_STANDARD = "gnu++14";
				CLANG_CXX_LIBRARY = "libc++";
				CLANG_ENABLE_MODULES = YES;
				CLANG_ENABLE_OBJC_ARC = YES;
				CLANG_ENABLE_OBJC_WEAK = YES;
				CLANG_WARN_BLOCK_CAPTURE_AUTORELEASING = YES;
				CLANG_WARN_BOOL_CONVERSION = YES;
				CLANG_WARN_COMMA = YES;
				CLANG_WARN_CONSTANT_CONVERSION = YES;
				CLANG_WARN_DEPRECATED_OBJC_IMPLEMENTATIONS = YES;
				CLANG_WARN_DIRECT_OBJC_ISA_USAGE = YES_ERROR;
				CLANG_WARN_DOCUMENTATION_COMMENTS = YES;
				CLANG_WARN_EMPTY_BODY = YES;
				CLANG_WARN_ENUM_CONVERSION = YES;
				CLANG_WARN_INFINITE_RECURSION = YES;
				CLANG_WARN_INT_CONVERSION = YES;
				CLANG_WARN_NON_LITERAL_NULL_CONVERSION = YES;
				CLANG_WARN_OBJC_IMPLICIT_RETAIN_SELF = YES;
				CLANG_WARN_OBJC_LITERAL_CONVERSION = YES;
				CLANG_WARN_OBJC_ROOT_CLASS = YES_ERROR;
				CLANG_WARN_RANGE_LOOP_ANALYSIS = YES;
				CLANG_WARN_STRICT_PROTOTYPES = YES;
				CLANG_WARN_SUSPICIOUS_MOVE = YES;
				CLANG_WARN_UNGUARDED_AVAILABILITY = YES_AGGRESSIVE;
				CLANG_WARN_UNREACHABLE_CODE = YES;
				CLANG_WARN__DUPLICATE_METHOD_MATCH = YES;
				CODE_SIGN_IDENTITY = "iPhone Developer";
				COPY_PHASE_STRIP = NO;
				DEBUG_INFORMATION_FORMAT = "dwarf-with-dsym";
				ENABLE_NS_ASSERTIONS = NO;
				ENABLE_STRICT_OBJC_MSGSEND = YES;
				GCC_C_LANGUAGE_STANDARD = gnu11;
				GCC_NO_COMMON_BLOCKS = YES;
				GCC_WARN_64_TO_32_BIT_CONVERSION = YES;
				GCC_WARN_ABOUT_RETURN_TYPE = YES_ERROR;
				GCC_WARN_UNDECLARED_SELECTOR = YES;
				GCC_WARN_UNINITIALIZED_AUTOS = YES_AGGRESSIVE;
				GCC_WARN_UNUSED_FUNCTION = YES;
				GCC_WARN_UNUSED_VARIABLE = YES;
				IPHONEOS_DEPLOYMENT_TARGET = 12.1;
				MTL_ENABLE_DEBUG_INFO = NO;
				MTL_FAST_MATH = YES;
				SDKROOT = iphoneos;
				SWIFT_OPTIMIZATION_LEVEL = "-Owholemodule";
				VALIDATE_PRODUCT = YES;
			};
			name = Release;
		};
		29ADDAA92201A3850013F5E6 /* Debug */ = {
			isa = XCBuildConfiguration;
			baseConfigurationReference = 0B13DE74A005F69D7C761B26 /* Pods-roskachestvo-ios.debug.xcconfig */;
			buildSettings = {
				ASSETCATALOG_COMPILER_APPICON_NAME = AppIcon;
				CODE_SIGN_STYLE = Automatic;
				DEVELOPMENT_TEAM = 7ZU2JEECEY;
				INFOPLIST_FILE = "$(SRCROOT)/roskachestvo-ios/SupportingFiles/Info.plist";
				IPHONEOS_DEPLOYMENT_TARGET = 11.0;
				LD_RUNPATH_SEARCH_PATHS = "$(inherited) @executable_path/Frameworks";
				PRODUCT_BUNDLE_IDENTIFIER = "ru.trykov.roskachestvo-ios";
				PRODUCT_NAME = "$(TARGET_NAME)";
				SWIFT_VERSION = 4.2;
				TARGETED_DEVICE_FAMILY = 1;
			};
			name = Debug;
		};
		29ADDAAA2201A3850013F5E6 /* Release */ = {
			isa = XCBuildConfiguration;
			baseConfigurationReference = ABF4BAC2715046A73DA1724A /* Pods-roskachestvo-ios.release.xcconfig */;
			buildSettings = {
				ASSETCATALOG_COMPILER_APPICON_NAME = AppIcon;
				CODE_SIGN_STYLE = Automatic;
				DEVELOPMENT_TEAM = 7ZU2JEECEY;
				INFOPLIST_FILE = "$(SRCROOT)/roskachestvo-ios/SupportingFiles/Info.plist";
				IPHONEOS_DEPLOYMENT_TARGET = 11.0;
				LD_RUNPATH_SEARCH_PATHS = "$(inherited) @executable_path/Frameworks";
				PRODUCT_BUNDLE_IDENTIFIER = "ru.trykov.roskachestvo-ios";
				PRODUCT_NAME = "$(TARGET_NAME)";
				SWIFT_VERSION = 4.2;
				TARGETED_DEVICE_FAMILY = 1;
			};
			name = Release;
		};
		29ADDAAC2201A3850013F5E6 /* Debug */ = {
			isa = XCBuildConfiguration;
			baseConfigurationReference = BB3E44FBDF588E2839B1993A /* Pods-roskachestvo-iosTests.debug.xcconfig */;
			buildSettings = {
				ALWAYS_EMBED_SWIFT_STANDARD_LIBRARIES = YES;
				BUNDLE_LOADER = "$(TEST_HOST)";
				CODE_SIGN_STYLE = Automatic;
				DEVELOPMENT_TEAM = PGGKYL8336;
				INFOPLIST_FILE = "roskachestvo-iosTests/Info.plist";
				LD_RUNPATH_SEARCH_PATHS = "$(inherited) @executable_path/Frameworks @loader_path/Frameworks";
				PRODUCT_BUNDLE_IDENTIFIER = "ru.trykov.roskachestvo-iosTests";
				PRODUCT_NAME = "$(TARGET_NAME)";
				SWIFT_VERSION = 4.2;
				TARGETED_DEVICE_FAMILY = "1,2";
				TEST_HOST = "$(BUILT_PRODUCTS_DIR)/roskachestvo-ios.app/roskachestvo-ios";
			};
			name = Debug;
		};
		29ADDAAD2201A3850013F5E6 /* Release */ = {
			isa = XCBuildConfiguration;
			baseConfigurationReference = B4B9C46480AFE7B4580D99E9 /* Pods-roskachestvo-iosTests.release.xcconfig */;
			buildSettings = {
				ALWAYS_EMBED_SWIFT_STANDARD_LIBRARIES = YES;
				BUNDLE_LOADER = "$(TEST_HOST)";
				CODE_SIGN_STYLE = Automatic;
				DEVELOPMENT_TEAM = PGGKYL8336;
				INFOPLIST_FILE = "roskachestvo-iosTests/Info.plist";
				LD_RUNPATH_SEARCH_PATHS = "$(inherited) @executable_path/Frameworks @loader_path/Frameworks";
				PRODUCT_BUNDLE_IDENTIFIER = "ru.trykov.roskachestvo-iosTests";
				PRODUCT_NAME = "$(TARGET_NAME)";
				SWIFT_VERSION = 4.2;
				TARGETED_DEVICE_FAMILY = "1,2";
				TEST_HOST = "$(BUILT_PRODUCTS_DIR)/roskachestvo-ios.app/roskachestvo-ios";
			};
			name = Release;
		};
/* End XCBuildConfiguration section */

/* Begin XCConfigurationList section */
		29ADDA862201A3830013F5E6 /* Build configuration list for PBXProject "roskachestvo-ios" */ = {
			isa = XCConfigurationList;
			buildConfigurations = (
				29ADDAA62201A3850013F5E6 /* Debug */,
				29ADDAA72201A3850013F5E6 /* Release */,
			);
			defaultConfigurationIsVisible = 0;
			defaultConfigurationName = Release;
		};
		29ADDAA82201A3850013F5E6 /* Build configuration list for PBXNativeTarget "roskachestvo-ios" */ = {
			isa = XCConfigurationList;
			buildConfigurations = (
				29ADDAA92201A3850013F5E6 /* Debug */,
				29ADDAAA2201A3850013F5E6 /* Release */,
			);
			defaultConfigurationIsVisible = 0;
			defaultConfigurationName = Release;
		};
		29ADDAAB2201A3850013F5E6 /* Build configuration list for PBXNativeTarget "roskachestvo-iosTests" */ = {
			isa = XCConfigurationList;
			buildConfigurations = (
				29ADDAAC2201A3850013F5E6 /* Debug */,
				29ADDAAD2201A3850013F5E6 /* Release */,
			);
			defaultConfigurationIsVisible = 0;
			defaultConfigurationName = Release;
		};
/* End XCConfigurationList section */
	};
	rootObject = 29ADDA832201A3830013F5E6 /* Project object */;
}
