// !$*UTF8*$!
{
	archiveVersion = 1;
	classes = {
	};
	objectVersion = 50;
	objects = {

/* Begin PBXBuildFile section */
		29ADDAA42201A3850013F5E6 /* roskachestvo_iosTests.swift in Sources */ = {isa = PBXBuildFile; fileRef = 29ADDAA32201A3850013F5E6 /* roskachestvo_iosTests.swift */; };
		B18B304303996D981C08D138 /* AppDelegate.swift in Sources */ = {isa = PBXBuildFile; fileRef = B18B3CB3176704F66A9B9855 /* AppDelegate.swift */; };
		B18B307AADECA60BC275E53E /* LaunchScreen.storyboard in Resources */ = {isa = PBXBuildFile; fileRef = B18B3AA17DE0A14F0D3BA928 /* LaunchScreen.storyboard */; };
		B18B327B12BE658B14A42CF4 /* Main.storyboard in Resources */ = {isa = PBXBuildFile; fileRef = B18B3EAF2059516C6D4FDD20 /* Main.storyboard */; };
		B18B332161B33D8B4C17CA9E /* Assets.xcassets in Resources */ = {isa = PBXBuildFile; fileRef = B18B3349F8E3BC1D10EDA206 /* Assets.xcassets */; };
		B18B38AAB7F06511C77121BF /* ViewController.swift in Sources */ = {isa = PBXBuildFile; fileRef = B18B31BFE35DB9A365ED9DA1 /* ViewController.swift */; };
/* End PBXBuildFile section */

/* Begin PBXContainerItemProxy section */
		29ADDAA02201A3850013F5E6 /* PBXContainerItemProxy */ = {
			isa = PBXContainerItemProxy;
			containerPortal = 29ADDA832201A3830013F5E6 /* Project object */;
			proxyType = 1;
			remoteGlobalIDString = 29ADDA8A2201A3830013F5E6;
			remoteInfo = "roskachestvo-ios";
		};
/* End PBXContainerItemProxy section */

/* Begin PBXFileReference section */
		29ADDA8B2201A3830013F5E6 /* roskachestvo-ios.app */ = {isa = PBXFileReference; explicitFileType = wrapper.application; includeInIndex = 0; path = "roskachestvo-ios.app"; sourceTree = BUILT_PRODUCTS_DIR; };
		29ADDA9F2201A3850013F5E6 /* roskachestvo-iosTests.xctest */ = {isa = PBXFileReference; explicitFileType = wrapper.cfbundle; includeInIndex = 0; path = "roskachestvo-iosTests.xctest"; sourceTree = BUILT_PRODUCTS_DIR; };
		29ADDAA32201A3850013F5E6 /* roskachestvo_iosTests.swift */ = {isa = PBXFileReference; lastKnownFileType = sourcecode.swift; path = roskachestvo_iosTests.swift; sourceTree = "<group>"; };
		29ADDAA52201A3850013F5E6 /* Info.plist */ = {isa = PBXFileReference; lastKnownFileType = text.plist.xml; path = Info.plist; sourceTree = "<group>"; };
		B18B31BFE35DB9A365ED9DA1 /* ViewController.swift */ = {isa = PBXFileReference; fileEncoding = 4; lastKnownFileType = sourcecode.swift; path = ViewController.swift; sourceTree = "<group>"; };
		B18B3349F8E3BC1D10EDA206 /* Assets.xcassets */ = {isa = PBXFileReference; lastKnownFileType = folder.assetcatalog; path = Assets.xcassets; sourceTree = "<group>"; };
		B18B3AA17DE0A14F0D3BA928 /* LaunchScreen.storyboard */ = {isa = PBXFileReference; lastKnownFileType = file.storyboard; path = LaunchScreen.storyboard; sourceTree = "<group>"; };
		B18B3B0EAF1998B339C6587C /* Info.plist */ = {isa = PBXFileReference; fileEncoding = 4; lastKnownFileType = text.plist.info; path = Info.plist; sourceTree = "<group>"; };
		B18B3CB3176704F66A9B9855 /* AppDelegate.swift */ = {isa = PBXFileReference; fileEncoding = 4; lastKnownFileType = sourcecode.swift; path = AppDelegate.swift; sourceTree = "<group>"; };
		B18B3EAF2059516C6D4FDD20 /* Main.storyboard */ = {isa = PBXFileReference; lastKnownFileType = file.storyboard; path = Main.storyboard; sourceTree = "<group>"; };
/* End PBXFileReference section */

/* Begin PBXFrameworksBuildPhase section */
		29ADDA882201A3830013F5E6 /* Frameworks */ = {
			isa = PBXFrameworksBuildPhase;
			buildActionMask = 2147483647;
			files = (
			);
			runOnlyForDeploymentPostprocessing = 0;
		};
		29ADDA9C2201A3850013F5E6 /* Frameworks */ = {
			isa = PBXFrameworksBuildPhase;
			buildActionMask = 2147483647;
			files = (
			);
			runOnlyForDeploymentPostprocessing = 0;
		};
/* End PBXFrameworksBuildPhase section */

/* Begin PBXGroup section */
		29ADDA822201A3830013F5E6 = {
			isa = PBXGroup;
			children = (
				29ADDA8D2201A3830013F5E6 /* roskachestvo-ios */,
				29ADDAA22201A3850013F5E6 /* roskachestvo-iosTests */,
				29ADDA8C2201A3830013F5E6 /* Products */,
			);
			sourceTree = "<group>";
		};
		29ADDA8C2201A3830013F5E6 /* Products */ = {
			isa = PBXGroup;
			children = (
				29ADDA8B2201A3830013F5E6 /* roskachestvo-ios.app */,
				29ADDA9F2201A3850013F5E6 /* roskachestvo-iosTests.xctest */,
			);
			name = Products;
			sourceTree = "<group>";
		};
		29ADDA8D2201A3830013F5E6 /* roskachestvo-ios */ = {
			isa = PBXGroup;
			children = (
				B18B3AE5C79CDD6424012EC0 /* Classes */,
				B18B30A71091130AC7FF12EA /* Resources */,
				B18B3F823E297982F439F961 /* SupportingFiles */,
			);
			path = "roskachestvo-ios";
			sourceTree = "<group>";
		};
		29ADDAA22201A3850013F5E6 /* roskachestvo-iosTests */ = {
			isa = PBXGroup;
			children = (
				29ADDAA32201A3850013F5E6 /* roskachestvo_iosTests.swift */,
				29ADDAA52201A3850013F5E6 /* Info.plist */,
			);
			path = "roskachestvo-iosTests";
			sourceTree = "<group>";
		};
		B18B30A71091130AC7FF12EA /* Resources */ = {
			isa = PBXGroup;
			children = (
				B18B3E1052985F7DB7257FCC /* Images */,
			);
			path = Resources;
			sourceTree = "<group>";
		};
		B18B3104B7DD63A4ABC7BB99 /* Storyboards */ = {
			isa = PBXGroup;
			children = (
			);
			path = Storyboards;
			sourceTree = "<group>";
		};
		B18B3138FB81E439CEF1BAEE /* UserStories */ = {
			isa = PBXGroup;
			children = (
				B18B3AC6410365F967582337 /* ResearchUserStory */,
				B18B3AA17DE0A14F0D3BA928 /* LaunchScreen.storyboard */,
				B18B3EAF2059516C6D4FDD20 /* Main.storyboard */,
			);
			path = UserStories;
			sourceTree = "<group>";
		};
		B18B348E0518A28ADB94A04F /* BusinessLogicLayer */ = {
			isa = PBXGroup;
			children = (
			);
			path = BusinessLogicLayer;
			sourceTree = "<group>";
		};
		B18B35639F490C0EB23CF987 /* Modules */ = {
			isa = PBXGroup;
			children = (
				B18B31BFE35DB9A365ED9DA1 /* ViewController.swift */,
			);
			path = Modules;
			sourceTree = "<group>";
		};
		B18B35DA430DA9EB18291D94 /* ApplicationLayer */ = {
			isa = PBXGroup;
			children = (
				B18B37B89DD95B2C2B89A5E2 /* LaunchSystem */,
			);
			path = ApplicationLayer;
			sourceTree = "<group>";
		};
		B18B3682A86B05996ED18BD2 /* AppDelegates */ = {
			isa = PBXGroup;
			children = (
				B18B3CB3176704F66A9B9855 /* AppDelegate.swift */,
			);
			path = AppDelegates;
			sourceTree = "<group>";
		};
		B18B378212B73123B258EF86 /* Models */ = {
			isa = PBXGroup;
			children = (
			);
			path = Models;
			sourceTree = "<group>";
		};
		B18B37B89DD95B2C2B89A5E2 /* LaunchSystem */ = {
			isa = PBXGroup;
			children = (
				B18B3682A86B05996ED18BD2 /* AppDelegates */,
			);
			path = LaunchSystem;
			sourceTree = "<group>";
		};
		B18B38BD1D6A69A913F72E6E /* CoreLayer */ = {
			isa = PBXGroup;
			children = (
			);
			path = CoreLayer;
			sourceTree = "<group>";
		};
		B18B3939503FEC03685DB3C4 /* Common */ = {
			isa = PBXGroup;
			children = (
			);
			path = Common;
			sourceTree = "<group>";
		};
		B18B3AC6410365F967582337 /* ResearchUserStory */ = {
			isa = PBXGroup;
			children = (
				B18B35639F490C0EB23CF987 /* Modules */,
				B18B3104B7DD63A4ABC7BB99 /* Storyboards */,
			);
			path = ResearchUserStory;
			sourceTree = "<group>";
		};
		B18B3AD4AE317D5F2DEF7ABA /* PresentationLayer */ = {
			isa = PBXGroup;
			children = (
				B18B3939503FEC03685DB3C4 /* Common */,
				B18B3138FB81E439CEF1BAEE /* UserStories */,
			);
			path = PresentationLayer;
			sourceTree = "<group>";
		};
		B18B3AE5C79CDD6424012EC0 /* Classes */ = {
			isa = PBXGroup;
			children = (
				B18B35DA430DA9EB18291D94 /* ApplicationLayer */,
				B18B378212B73123B258EF86 /* Models */,
				B18B38BD1D6A69A913F72E6E /* CoreLayer */,
				B18B348E0518A28ADB94A04F /* BusinessLogicLayer */,
				B18B3AD4AE317D5F2DEF7ABA /* PresentationLayer */,
			);
			path = Classes;
			sourceTree = "<group>";
		};
		B18B3E1052985F7DB7257FCC /* Images */ = {
			isa = PBXGroup;
			children = (
				B18B3349F8E3BC1D10EDA206 /* Assets.xcassets */,
			);
			path = Images;
			sourceTree = "<group>";
		};
		B18B3F823E297982F439F961 /* SupportingFiles */ = {
			isa = PBXGroup;
			children = (
				B18B3B0EAF1998B339C6587C /* Info.plist */,
			);
			path = SupportingFiles;
			sourceTree = "<group>";
		};
/* End PBXGroup section */

/* Begin PBXNativeTarget section */
		29ADDA8A2201A3830013F5E6 /* roskachestvo-ios */ = {
			isa = PBXNativeTarget;
			buildConfigurationList = 29ADDAA82201A3850013F5E6 /* Build configuration list for PBXNativeTarget "roskachestvo-ios" */;
			buildPhases = (
				29ADDA872201A3830013F5E6 /* Sources */,
				29ADDA882201A3830013F5E6 /* Frameworks */,
				29ADDA892201A3830013F5E6 /* Resources */,
			);
			buildRules = (
			);
			dependencies = (
			);
			name = "roskachestvo-ios";
			productName = "roskachestvo-ios";
			productReference = 29ADDA8B2201A3830013F5E6 /* roskachestvo-ios.app */;
			productType = "com.apple.product-type.application";
		};
		29ADDA9E2201A3850013F5E6 /* roskachestvo-iosTests */ = {
			isa = PBXNativeTarget;
			buildConfigurationList = 29ADDAAB2201A3850013F5E6 /* Build configuration list for PBXNativeTarget "roskachestvo-iosTests" */;
			buildPhases = (
				29ADDA9B2201A3850013F5E6 /* Sources */,
				29ADDA9C2201A3850013F5E6 /* Frameworks */,
				29ADDA9D2201A3850013F5E6 /* Resources */,
			);
			buildRules = (
			);
			dependencies = (
				29ADDAA12201A3850013F5E6 /* PBXTargetDependency */,
			);
			name = "roskachestvo-iosTests";
			productName = "roskachestvo-iosTests";
			productReference = 29ADDA9F2201A3850013F5E6 /* roskachestvo-iosTests.xctest */;
			productType = "com.apple.product-type.bundle.unit-test";
		};
/* End PBXNativeTarget section */

/* Begin PBXProject section */
		29ADDA832201A3830013F5E6 /* Project object */ = {
			isa = PBXProject;
			attributes = {
				LastSwiftUpdateCheck = 1010;
				LastUpgradeCheck = 1010;
				ORGANIZATIONNAME = trykov;
				TargetAttributes = {
					29ADDA8A2201A3830013F5E6 = {
						CreatedOnToolsVersion = 10.1;
					};
					29ADDA9E2201A3850013F5E6 = {
						CreatedOnToolsVersion = 10.1;
						TestTargetID = 29ADDA8A2201A3830013F5E6;
					};
				};
			};
			buildConfigurationList = 29ADDA862201A3830013F5E6 /* Build configuration list for PBXProject "roskachestvo-ios" */;
			compatibilityVersion = "Xcode 9.3";
			developmentRegion = en;
			hasScannedForEncodings = 0;
			knownRegions = (
				en,
				Base,
			);
			mainGroup = 29ADDA822201A3830013F5E6;
			productRefGroup = 29ADDA8C2201A3830013F5E6 /* Products */;
			projectDirPath = "";
			projectRoot = "";
			targets = (
				29ADDA8A2201A3830013F5E6 /* roskachestvo-ios */,
				29ADDA9E2201A3850013F5E6 /* roskachestvo-iosTests */,
			);
		};
/* End PBXProject section */

/* Begin PBXResourcesBuildPhase section */
		29ADDA892201A3830013F5E6 /* Resources */ = {
			isa = PBXResourcesBuildPhase;
			buildActionMask = 2147483647;
			files = (
				B18B332161B33D8B4C17CA9E /* Assets.xcassets in Resources */,
				B18B307AADECA60BC275E53E /* LaunchScreen.storyboard in Resources */,
				B18B327B12BE658B14A42CF4 /* Main.storyboard in Resources */,
			);
			runOnlyForDeploymentPostprocessing = 0;
		};
		29ADDA9D2201A3850013F5E6 /* Resources */ = {
			isa = PBXResourcesBuildPhase;
			buildActionMask = 2147483647;
			files = (
			);
			runOnlyForDeploymentPostprocessing = 0;
		};
/* End PBXResourcesBuildPhase section */

/* Begin PBXSourcesBuildPhase section */
		29ADDA872201A3830013F5E6 /* Sources */ = {
			isa = PBXSourcesBuildPhase;
			buildActionMask = 2147483647;
			files = (
				B18B304303996D981C08D138 /* AppDelegate.swift in Sources */,
				B18B38AAB7F06511C77121BF /* ViewController.swift in Sources */,
			);
			runOnlyForDeploymentPostprocessing = 0;
		};
		29ADDA9B2201A3850013F5E6 /* Sources */ = {
			isa = PBXSourcesBuildPhase;
			buildActionMask = 2147483647;
			files = (
				29ADDAA42201A3850013F5E6 /* roskachestvo_iosTests.swift in Sources */,
			);
			runOnlyForDeploymentPostprocessing = 0;
		};
/* End PBXSourcesBuildPhase section */

/* Begin PBXTargetDependency section */
		29ADDAA12201A3850013F5E6 /* PBXTargetDependency */ = {
			isa = PBXTargetDependency;
			target = 29ADDA8A2201A3830013F5E6 /* roskachestvo-ios */;
			targetProxy = 29ADDAA02201A3850013F5E6 /* PBXContainerItemProxy */;
		};
/* End PBXTargetDependency section */

/* Begin XCBuildConfiguration section */
		29ADDAA62201A3850013F5E6 /* Debug */ = {
			isa = XCBuildConfiguration;
			buildSettings = {
				ALWAYS_SEARCH_USER_PATHS = NO;
				CLANG_ANALYZER_NONNULL = YES;
				CLANG_ANALYZER_NUMBER_OBJECT_CONVERSION = YES_AGGRESSIVE;
				CLANG_CXX_LANGUAGE_STANDARD = "gnu++14";
				CLANG_CXX_LIBRARY = "libc++";
				CLANG_ENABLE_MODULES = YES;
				CLANG_ENABLE_OBJC_ARC = YES;
				CLANG_ENABLE_OBJC_WEAK = YES;
				CLANG_WARN_BLOCK_CAPTURE_AUTORELEASING = YES;
				CLANG_WARN_BOOL_CONVERSION = YES;
				CLANG_WARN_COMMA = YES;
				CLANG_WARN_CONSTANT_CONVERSION = YES;
				CLANG_WARN_DEPRECATED_OBJC_IMPLEMENTATIONS = YES;
				CLANG_WARN_DIRECT_OBJC_ISA_USAGE = YES_ERROR;
				CLANG_WARN_DOCUMENTATION_COMMENTS = YES;
				CLANG_WARN_EMPTY_BODY = YES;
				CLANG_WARN_ENUM_CONVERSION = YES;
				CLANG_WARN_INFINITE_RECURSION = YES;
				CLANG_WARN_INT_CONVERSION = YES;
				CLANG_WARN_NON_LITERAL_NULL_CONVERSION = YES;
				CLANG_WARN_OBJC_IMPLICIT_RETAIN_SELF = YES;
				CLANG_WARN_OBJC_LITERAL_CONVERSION = YES;
				CLANG_WARN_OBJC_ROOT_CLASS = YES_ERROR;
				CLANG_WARN_RANGE_LOOP_ANALYSIS = YES;
				CLANG_WARN_STRICT_PROTOTYPES = YES;
				CLANG_WARN_SUSPICIOUS_MOVE = YES;
				CLANG_WARN_UNGUARDED_AVAILABILITY = YES_AGGRESSIVE;
				CLANG_WARN_UNREACHABLE_CODE = YES;
				CLANG_WARN__DUPLICATE_METHOD_MATCH = YES;
				CODE_SIGN_IDENTITY = "iPhone Developer";
				COPY_PHASE_STRIP = NO;
				DEBUG_INFORMATION_FORMAT = dwarf;
				ENABLE_STRICT_OBJC_MSGSEND = YES;
				ENABLE_TESTABILITY = YES;
				GCC_C_LANGUAGE_STANDARD = gnu11;
				GCC_DYNAMIC_NO_PIC = NO;
				GCC_NO_COMMON_BLOCKS = YES;
				GCC_OPTIMIZATION_LEVEL = 0;
				GCC_PREPROCESSOR_DEFINITIONS = (
					"DEBUG=1",
					"$(inherited)",
				);
				GCC_WARN_64_TO_32_BIT_CONVERSION = YES;
				GCC_WARN_ABOUT_RETURN_TYPE = YES_ERROR;
				GCC_WARN_UNDECLARED_SELECTOR = YES;
				GCC_WARN_UNINITIALIZED_AUTOS = YES_AGGRESSIVE;
				GCC_WARN_UNUSED_FUNCTION = YES;
				GCC_WARN_UNUSED_VARIABLE = YES;
				IPHONEOS_DEPLOYMENT_TARGET = 12.1;
				MTL_ENABLE_DEBUG_INFO = INCLUDE_SOURCE;
				MTL_FAST_MATH = YES;
				ONLY_ACTIVE_ARCH = YES;
				SDKROOT = iphoneos;
				SWIFT_ACTIVE_COMPILATION_CONDITIONS = DEBUG;
				SWIFT_OPTIMIZATION_LEVEL = "-Onone";
			};
			name = Debug;
		};
		29ADDAA72201A3850013F5E6 /* Release */ = {
			isa = XCBuildConfiguration;
			buildSettings = {
				ALWAYS_SEARCH_USER_PATHS = NO;
				CLANG_ANALYZER_NONNULL = YES;
				CLANG_ANALYZER_NUMBER_OBJECT_CONVERSION = YES_AGGRESSIVE;
				CLANG_CXX_LANGUAGE_STANDARD = "gnu++14";
				CLANG_CXX_LIBRARY = "libc++";
				CLANG_ENABLE_MODULES = YES;
				CLANG_ENABLE_OBJC_ARC = YES;
				CLANG_ENABLE_OBJC_WEAK = YES;
				CLANG_WARN_BLOCK_CAPTURE_AUTORELEASING = YES;
				CLANG_WARN_BOOL_CONVERSION = YES;
				CLANG_WARN_COMMA = YES;
				CLANG_WARN_CONSTANT_CONVERSION = YES;
				CLANG_WARN_DEPRECATED_OBJC_IMPLEMENTATIONS = YES;
				CLANG_WARN_DIRECT_OBJC_ISA_USAGE = YES_ERROR;
				CLANG_WARN_DOCUMENTATION_COMMENTS = YES;
				CLANG_WARN_EMPTY_BODY = YES;
				CLANG_WARN_ENUM_CONVERSION = YES;
				CLANG_WARN_INFINITE_RECURSION = YES;
				CLANG_WARN_INT_CONVERSION = YES;
				CLANG_WARN_NON_LITERAL_NULL_CONVERSION = YES;
				CLANG_WARN_OBJC_IMPLICIT_RETAIN_SELF = YES;
				CLANG_WARN_OBJC_LITERAL_CONVERSION = YES;
				CLANG_WARN_OBJC_ROOT_CLASS = YES_ERROR;
				CLANG_WARN_RANGE_LOOP_ANALYSIS = YES;
				CLANG_WARN_STRICT_PROTOTYPES = YES;
				CLANG_WARN_SUSPICIOUS_MOVE = YES;
				CLANG_WARN_UNGUARDED_AVAILABILITY = YES_AGGRESSIVE;
				CLANG_WARN_UNREACHABLE_CODE = YES;
				CLANG_WARN__DUPLICATE_METHOD_MATCH = YES;
				CODE_SIGN_IDENTITY = "iPhone Developer";
				COPY_PHASE_STRIP = NO;
				DEBUG_INFORMATION_FORMAT = "dwarf-with-dsym";
				ENABLE_NS_ASSERTIONS = NO;
				ENABLE_STRICT_OBJC_MSGSEND = YES;
				GCC_C_LANGUAGE_STANDARD = gnu11;
				GCC_NO_COMMON_BLOCKS = YES;
				GCC_WARN_64_TO_32_BIT_CONVERSION = YES;
				GCC_WARN_ABOUT_RETURN_TYPE = YES_ERROR;
				GCC_WARN_UNDECLARED_SELECTOR = YES;
				GCC_WARN_UNINITIALIZED_AUTOS = YES_AGGRESSIVE;
				GCC_WARN_UNUSED_FUNCTION = YES;
				GCC_WARN_UNUSED_VARIABLE = YES;
				IPHONEOS_DEPLOYMENT_TARGET = 12.1;
				MTL_ENABLE_DEBUG_INFO = NO;
				MTL_FAST_MATH = YES;
				SDKROOT = iphoneos;
				SWIFT_COMPILATION_MODE = wholemodule;
				SWIFT_OPTIMIZATION_LEVEL = "-O";
				VALIDATE_PRODUCT = YES;
			};
			name = Release;
		};
		29ADDAA92201A3850013F5E6 /* Debug */ = {
			isa = XCBuildConfiguration;
			buildSettings = {
				ASSETCATALOG_COMPILER_APPICON_NAME = AppIcon;
				CODE_SIGN_STYLE = Automatic;
				DEVELOPMENT_TEAM = 7ZU2JEECEY;
				INFOPLIST_FILE = "$(SRCROOT)/roskachestvo-ios/SupportingFiles/Info.plist";
				LD_RUNPATH_SEARCH_PATHS = (
					"$(inherited)",
					"@executable_path/Frameworks",
				);
				PRODUCT_BUNDLE_IDENTIFIER = "ru.trykov.roskachestvo-ios";
				PRODUCT_NAME = "$(TARGET_NAME)";
				SWIFT_VERSION = 4.2;
				TARGETED_DEVICE_FAMILY = 1;
			};
			name = Debug;
		};
		29ADDAAA2201A3850013F5E6 /* Release */ = {
			isa = XCBuildConfiguration;
			buildSettings = {
				ASSETCATALOG_COMPILER_APPICON_NAME = AppIcon;
				CODE_SIGN_STYLE = Automatic;
				DEVELOPMENT_TEAM = 7ZU2JEECEY;
				INFOPLIST_FILE = "$(SRCROOT)/roskachestvo-ios/SupportingFiles/Info.plist";
				LD_RUNPATH_SEARCH_PATHS = (
					"$(inherited)",
					"@executable_path/Frameworks",
				);
				PRODUCT_BUNDLE_IDENTIFIER = "ru.trykov.roskachestvo-ios";
				PRODUCT_NAME = "$(TARGET_NAME)";
				SWIFT_VERSION = 4.2;
				TARGETED_DEVICE_FAMILY = 1;
			};
			name = Release;
		};
		29ADDAAC2201A3850013F5E6 /* Debug */ = {
			isa = XCBuildConfiguration;
			buildSettings = {
				ALWAYS_EMBED_SWIFT_STANDARD_LIBRARIES = YES;
				BUNDLE_LOADER = "$(TEST_HOST)";
				CODE_SIGN_STYLE = Automatic;
				DEVELOPMENT_TEAM = PGGKYL8336;
				INFOPLIST_FILE = "roskachestvo-iosTests/Info.plist";
				LD_RUNPATH_SEARCH_PATHS = (
					"$(inherited)",
					"@executable_path/Frameworks",
					"@loader_path/Frameworks",
				);
				PRODUCT_BUNDLE_IDENTIFIER = "ru.trykov.roskachestvo-iosTests";
				PRODUCT_NAME = "$(TARGET_NAME)";
				SWIFT_VERSION = 4.2;
				TARGETED_DEVICE_FAMILY = "1,2";
				TEST_HOST = "$(BUILT_PRODUCTS_DIR)/roskachestvo-ios.app/roskachestvo-ios";
			};
			name = Debug;
		};
		29ADDAAD2201A3850013F5E6 /* Release */ = {
			isa = XCBuildConfiguration;
			buildSettings = {
				ALWAYS_EMBED_SWIFT_STANDARD_LIBRARIES = YES;
				BUNDLE_LOADER = "$(TEST_HOST)";
				CODE_SIGN_STYLE = Automatic;
				DEVELOPMENT_TEAM = PGGKYL8336;
				INFOPLIST_FILE = "roskachestvo-iosTests/Info.plist";
				LD_RUNPATH_SEARCH_PATHS = (
					"$(inherited)",
					"@executable_path/Frameworks",
					"@loader_path/Frameworks",
				);
				PRODUCT_BUNDLE_IDENTIFIER = "ru.trykov.roskachestvo-iosTests";
				PRODUCT_NAME = "$(TARGET_NAME)";
				SWIFT_VERSION = 4.2;
				TARGETED_DEVICE_FAMILY = "1,2";
				TEST_HOST = "$(BUILT_PRODUCTS_DIR)/roskachestvo-ios.app/roskachestvo-ios";
			};
			name = Release;
		};
/* End XCBuildConfiguration section */

/* Begin XCConfigurationList section */
		29ADDA862201A3830013F5E6 /* Build configuration list for PBXProject "roskachestvo-ios" */ = {
			isa = XCConfigurationList;
			buildConfigurations = (
				29ADDAA62201A3850013F5E6 /* Debug */,
				29ADDAA72201A3850013F5E6 /* Release */,
			);
			defaultConfigurationIsVisible = 0;
			defaultConfigurationName = Release;
		};
		29ADDAA82201A3850013F5E6 /* Build configuration list for PBXNativeTarget "roskachestvo-ios" */ = {
			isa = XCConfigurationList;
			buildConfigurations = (
				29ADDAA92201A3850013F5E6 /* Debug */,
				29ADDAAA2201A3850013F5E6 /* Release */,
			);
			defaultConfigurationIsVisible = 0;
			defaultConfigurationName = Release;
		};
		29ADDAAB2201A3850013F5E6 /* Build configuration list for PBXNativeTarget "roskachestvo-iosTests" */ = {
			isa = XCConfigurationList;
			buildConfigurations = (
				29ADDAAC2201A3850013F5E6 /* Debug */,
				29ADDAAD2201A3850013F5E6 /* Release */,
			);
			defaultConfigurationIsVisible = 0;
			defaultConfigurationName = Release;
		};
/* End XCConfigurationList section */
	};
	rootObject = 29ADDA832201A3830013F5E6 /* Project object */;
}
